// !$*UTF8*$!
{
	archiveVersion = 1;
	classes = {
	};
	objectVersion = 77;
	objects = {

/* Begin PBXContainerItemProxy section */
		1BC392182CD46BA900BCEDA4 /* PBXContainerItemProxy */ = {
			isa = PBXContainerItemProxy;
			containerPortal = 1BC391F92CD46BA800BCEDA4 /* Project object */;
			proxyType = 1;
			remoteGlobalIDString = 1BC392002CD46BA800BCEDA4;
			remoteInfo = DateFormatter;
		};
		1BC392222CD46BAA00BCEDA4 /* PBXContainerItemProxy */ = {
			isa = PBXContainerItemProxy;
			containerPortal = 1BC391F92CD46BA800BCEDA4 /* Project object */;
			proxyType = 1;
			remoteGlobalIDString = 1BC392002CD46BA800BCEDA4;
			remoteInfo = DateFormatter;
		};
/* End PBXContainerItemProxy section */

/* Begin PBXFileReference section */
		1BC392012CD46BA800BCEDA4 /* DateFormatter.app */ = {isa = PBXFileReference; explicitFileType = wrapper.application; includeInIndex = 0; path = DateFormatter.app; sourceTree = BUILT_PRODUCTS_DIR; };
		1BC392172CD46BA900BCEDA4 /* DateFormatterTests.xctest */ = {isa = PBXFileReference; explicitFileType = wrapper.cfbundle; includeInIndex = 0; path = DateFormatterTests.xctest; sourceTree = BUILT_PRODUCTS_DIR; };
		1BC392212CD46BAA00BCEDA4 /* DateFormatterUITests.xctest */ = {isa = PBXFileReference; explicitFileType = wrapper.cfbundle; includeInIndex = 0; path = DateFormatterUITests.xctest; sourceTree = BUILT_PRODUCTS_DIR; };
/* End PBXFileReference section */

/* Begin PBXFileSystemSynchronizedBuildFileExceptionSet section */
		1BC392292CD46BAA00BCEDA4 /* Exceptions for "DateFormatter" folder in "DateFormatter" target */ = {
			isa = PBXFileSystemSynchronizedBuildFileExceptionSet;
			membershipExceptions = (
				Info.plist,
			);
			target = 1BC392002CD46BA800BCEDA4 /* DateFormatter */;
		};
/* End PBXFileSystemSynchronizedBuildFileExceptionSet section */

/* Begin PBXFileSystemSynchronizedRootGroup section */
		1BC392032CD46BA800BCEDA4 /* DateFormatter */ = {
			isa = PBXFileSystemSynchronizedRootGroup;
			exceptions = (
				1BC392292CD46BAA00BCEDA4 /* Exceptions for "DateFormatter" folder in "DateFormatter" target */,
			);
			path = DateFormatter;
			sourceTree = "<group>";
		};
		1BC3921A2CD46BA900BCEDA4 /* DateFormatterTests */ = {
			isa = PBXFileSystemSynchronizedRootGroup;
			path = DateFormatterTests;
			sourceTree = "<group>";
		};
		1BC392242CD46BAA00BCEDA4 /* DateFormatterUITests */ = {
			isa = PBXFileSystemSynchronizedRootGroup;
			path = DateFormatterUITests;
			sourceTree = "<group>";
		};
/* End PBXFileSystemSynchronizedRootGroup section */

/* Begin PBXFrameworksBuildPhase section */
		1BC391FE2CD46BA800BCEDA4 /* Frameworks */ = {
			isa = PBXFrameworksBuildPhase;
			buildActionMask = 2147483647;
			files = (
			);
			runOnlyForDeploymentPostprocessing = 0;
		};
		1BC392142CD46BA900BCEDA4 /* Frameworks */ = {
			isa = PBXFrameworksBuildPhase;
			buildActionMask = 2147483647;
			files = (
			);
			runOnlyForDeploymentPostprocessing = 0;
		};
		1BC3921E2CD46BA900BCEDA4 /* Frameworks */ = {
			isa = PBXFrameworksBuildPhase;
			buildActionMask = 2147483647;
			files = (
			);
			runOnlyForDeploymentPostprocessing = 0;
		};
/* End PBXFrameworksBuildPhase section */

/* Begin PBXGroup section */
		1BC391F82CD46BA800BCEDA4 = {
			isa = PBXGroup;
			children = (
				1BC392032CD46BA800BCEDA4 /* DateFormatter */,
				1BC3921A2CD46BA900BCEDA4 /* DateFormatterTests */,
				1BC392242CD46BAA00BCEDA4 /* DateFormatterUITests */,
				1BC392022CD46BA800BCEDA4 /* Products */,
			);
			sourceTree = "<group>";
		};
		1BC392022CD46BA800BCEDA4 /* Products */ = {
			isa = PBXGroup;
			children = (
				1BC392012CD46BA800BCEDA4 /* DateFormatter.app */,
				1BC392172CD46BA900BCEDA4 /* DateFormatterTests.xctest */,
				1BC392212CD46BAA00BCEDA4 /* DateFormatterUITests.xctest */,
			);
			name = Products;
			sourceTree = "<group>";
		};
/* End PBXGroup section */

/* Begin PBXNativeTarget section */
		1BC392002CD46BA800BCEDA4 /* DateFormatter */ = {
			isa = PBXNativeTarget;
			buildConfigurationList = 1BC3922A2CD46BAA00BCEDA4 /* Build configuration list for PBXNativeTarget "DateFormatter" */;
			buildPhases = (
				1BC391FD2CD46BA800BCEDA4 /* Sources */,
				1BC391FE2CD46BA800BCEDA4 /* Frameworks */,
				1BC391FF2CD46BA800BCEDA4 /* Resources */,
			);
			buildRules = (
			);
			dependencies = (
			);
			fileSystemSynchronizedGroups = (
				1BC392032CD46BA800BCEDA4 /* DateFormatter */,
			);
			name = DateFormatter;
			packageProductDependencies = (
			);
			productName = DateFormatter;
			productReference = 1BC392012CD46BA800BCEDA4 /* DateFormatter.app */;
			productType = "com.apple.product-type.application";
		};
		1BC392162CD46BA900BCEDA4 /* DateFormatterTests */ = {
			isa = PBXNativeTarget;
			buildConfigurationList = 1BC3922F2CD46BAA00BCEDA4 /* Build configuration list for PBXNativeTarget "DateFormatterTests" */;
			buildPhases = (
				1BC392132CD46BA900BCEDA4 /* Sources */,
				1BC392142CD46BA900BCEDA4 /* Frameworks */,
				1BC392152CD46BA900BCEDA4 /* Resources */,
			);
			buildRules = (
			);
			dependencies = (
				1BC392192CD46BA900BCEDA4 /* PBXTargetDependency */,
			);
			fileSystemSynchronizedGroups = (
				1BC3921A2CD46BA900BCEDA4 /* DateFormatterTests */,
			);
			name = DateFormatterTests;
			packageProductDependencies = (
			);
			productName = DateFormatterTests;
			productReference = 1BC392172CD46BA900BCEDA4 /* DateFormatterTests.xctest */;
			productType = "com.apple.product-type.bundle.unit-test";
		};
		1BC392202CD46BA900BCEDA4 /* DateFormatterUITests */ = {
			isa = PBXNativeTarget;
			buildConfigurationList = 1BC392322CD46BAA00BCEDA4 /* Build configuration list for PBXNativeTarget "DateFormatterUITests" */;
			buildPhases = (
				1BC3921D2CD46BA900BCEDA4 /* Sources */,
				1BC3921E2CD46BA900BCEDA4 /* Frameworks */,
				1BC3921F2CD46BA900BCEDA4 /* Resources */,
			);
			buildRules = (
			);
			dependencies = (
				1BC392232CD46BAA00BCEDA4 /* PBXTargetDependency */,
			);
			fileSystemSynchronizedGroups = (
				1BC392242CD46BAA00BCEDA4 /* DateFormatterUITests */,
			);
			name = DateFormatterUITests;
			packageProductDependencies = (
			);
			productName = DateFormatterUITests;
			productReference = 1BC392212CD46BAA00BCEDA4 /* DateFormatterUITests.xctest */;
			productType = "com.apple.product-type.bundle.ui-testing";
		};
/* End PBXNativeTarget section */

/* Begin PBXProject section */
		1BC391F92CD46BA800BCEDA4 /* Project object */ = {
			isa = PBXProject;
			attributes = {
				BuildIndependentTargetsInParallel = 1;
				LastSwiftUpdateCheck = 1610;
				LastUpgradeCheck = 1610;
				TargetAttributes = {
					1BC392002CD46BA800BCEDA4 = {
						CreatedOnToolsVersion = 16.1;
					};
					1BC392162CD46BA900BCEDA4 = {
						CreatedOnToolsVersion = 16.1;
						TestTargetID = 1BC392002CD46BA800BCEDA4;
					};
					1BC392202CD46BA900BCEDA4 = {
						CreatedOnToolsVersion = 16.1;
						TestTargetID = 1BC392002CD46BA800BCEDA4;
					};
				};
			};
			buildConfigurationList = 1BC391FC2CD46BA800BCEDA4 /* Build configuration list for PBXProject "DateFormatter" */;
			developmentRegion = en;
			hasScannedForEncodings = 0;
			knownRegions = (
				en,
				Base,
			);
			mainGroup = 1BC391F82CD46BA800BCEDA4;
			minimizedProjectReferenceProxies = 1;
			preferredProjectObjectVersion = 77;
			productRefGroup = 1BC392022CD46BA800BCEDA4 /* Products */;
			projectDirPath = "";
			projectRoot = "";
			targets = (
				1BC392002CD46BA800BCEDA4 /* DateFormatter */,
				1BC392162CD46BA900BCEDA4 /* DateFormatterTests */,
				1BC392202CD46BA900BCEDA4 /* DateFormatterUITests */,
			);
		};
/* End PBXProject section */

/* Begin PBXResourcesBuildPhase section */
		1BC391FF2CD46BA800BCEDA4 /* Resources */ = {
			isa = PBXResourcesBuildPhase;
			buildActionMask = 2147483647;
			files = (
			);
			runOnlyForDeploymentPostprocessing = 0;
		};
		1BC392152CD46BA900BCEDA4 /* Resources */ = {
			isa = PBXResourcesBuildPhase;
			buildActionMask = 2147483647;
			files = (
			);
			runOnlyForDeploymentPostprocessing = 0;
		};
		1BC3921F2CD46BA900BCEDA4 /* Resources */ = {
			isa = PBXResourcesBuildPhase;
			buildActionMask = 2147483647;
			files = (
			);
			runOnlyForDeploymentPostprocessing = 0;
		};
/* End PBXResourcesBuildPhase section */

/* Begin PBXSourcesBuildPhase section */
		1BC391FD2CD46BA800BCEDA4 /* Sources */ = {
			isa = PBXSourcesBuildPhase;
			buildActionMask = 2147483647;
			files = (
			);
			runOnlyForDeploymentPostprocessing = 0;
		};
		1BC392132CD46BA900BCEDA4 /* Sources */ = {
			isa = PBXSourcesBuildPhase;
			buildActionMask = 2147483647;
			files = (
			);
			runOnlyForDeploymentPostprocessing = 0;
		};
		1BC3921D2CD46BA900BCEDA4 /* Sources */ = {
			isa = PBXSourcesBuildPhase;
			buildActionMask = 2147483647;
			files = (
			);
			runOnlyForDeploymentPostprocessing = 0;
		};
/* End PBXSourcesBuildPhase section */

/* Begin PBXTargetDependency section */
		1BC392192CD46BA900BCEDA4 /* PBXTargetDependency */ = {
			isa = PBXTargetDependency;
			target = 1BC392002CD46BA800BCEDA4 /* DateFormatter */;
			targetProxy = 1BC392182CD46BA900BCEDA4 /* PBXContainerItemProxy */;
		};
		1BC392232CD46BAA00BCEDA4 /* PBXTargetDependency */ = {
			isa = PBXTargetDependency;
			target = 1BC392002CD46BA800BCEDA4 /* DateFormatter */;
			targetProxy = 1BC392222CD46BAA00BCEDA4 /* PBXContainerItemProxy */;
		};
/* End PBXTargetDependency section */

/* Begin XCBuildConfiguration section */
		1BC3922B2CD46BAA00BCEDA4 /* Debug */ = {
			isa = XCBuildConfiguration;
			buildSettings = {
				ASSETCATALOG_COMPILER_APPICON_NAME = AppIcon;
				ASSETCATALOG_COMPILER_GLOBAL_ACCENT_COLOR_NAME = AccentColor;
				CODE_SIGN_STYLE = Automatic;
				CURRENT_PROJECT_VERSION = 1;
				DEVELOPMENT_TEAM = XD7KFVM4LP;
				GENERATE_INFOPLIST_FILE = YES;
				INFOPLIST_FILE = DateFormatter/Info.plist;
				INFOPLIST_KEY_UIApplicationSupportsIndirectInputEvents = YES;
				INFOPLIST_KEY_UILaunchStoryboardName = LaunchScreen;
				INFOPLIST_KEY_UIMainStoryboardFile = Main;
				INFOPLIST_KEY_UISupportedInterfaceOrientations_iPad = "UIInterfaceOrientationPortrait UIInterfaceOrientationPortraitUpsideDown UIInterfaceOrientationLandscapeLeft UIInterfaceOrientationLandscapeRight";
				INFOPLIST_KEY_UISupportedInterfaceOrientations_iPhone = "UIInterfaceOrientationPortrait UIInterfaceOrientationLandscapeLeft UIInterfaceOrientationLandscapeRight";
				LD_RUNPATH_SEARCH_PATHS = (
					"$(inherited)",
					"@executable_path/Frameworks",
				);
				MARKETING_VERSION = 1.0;
				PRODUCT_BUNDLE_IDENTIFIER = com.liah.DateFormatter;
				PRODUCT_NAME = "$(TARGET_NAME)";
				SWIFT_EMIT_LOC_STRINGS = YES;
				SWIFT_VERSION = 5.0;
				TARGETED_DEVICE_FAMILY = "1,2";
			};
			name = Debug;
		};
		1BC3922C2CD46BAA00BCEDA4 /* Release */ = {
			isa = XCBuildConfiguration;
			buildSettings = {
				ASSETCATALOG_COMPILER_APPICON_NAME = AppIcon;
				ASSETCATALOG_COMPILER_GLOBAL_ACCENT_COLOR_NAME = AccentColor;
				CODE_SIGN_STYLE = Automatic;
				CURRENT_PROJECT_VERSION = 1;
				DEVELOPMENT_TEAM = XD7KFVM4LP;
				GENERATE_INFOPLIST_FILE = YES;
				INFOPLIST_FILE = DateFormatter/Info.plist;
				INFOPLIST_KEY_UIApplicationSupportsIndirectInputEvents = YES;
				INFOPLIST_KEY_UILaunchStoryboardName = LaunchScreen;
				INFOPLIST_KEY_UIMainStoryboardFile = Main;
				INFOPLIST_KEY_UISupportedInterfaceOrientations_iPad = "UIInterfaceOrientationPortrait UIInterfaceOrientationPortraitUpsideDown UIInterfaceOrientationLandscapeLeft UIInterfaceOrientationLandscapeRight";
				INFOPLIST_KEY_UISupportedInterfaceOrientations_iPhone = "UIInterfaceOrientationPortrait UIInterfaceOrientationLandscapeLeft UIInterfaceOrientationLandscapeRight";
				LD_RUNPATH_SEARCH_PATHS = (
					"$(inherited)",
					"@executable_path/Frameworks",
				);
				MARKETING_VERSION = 1.0;
				PRODUCT_BUNDLE_IDENTIFIER = com.liah.DateFormatter;
				PRODUCT_NAME = "$(TARGET_NAME)";
				SWIFT_EMIT_LOC_STRINGS = YES;
				SWIFT_VERSION = 5.0;
				TARGETED_DEVICE_FAMILY = "1,2";
			};
			name = Release;
		};
		1BC3922D2CD46BAA00BCEDA4 /* Debug */ = {
			isa = XCBuildConfiguration;
			buildSettings = {
				ALWAYS_SEARCH_USER_PATHS = NO;
				ASSETCATALOG_COMPILER_GENERATE_SWIFT_ASSET_SYMBOL_EXTENSIONS = YES;
				CLANG_ANALYZER_NONNULL = YES;
				CLANG_ANALYZER_NUMBER_OBJECT_CONVERSION = YES_AGGRESSIVE;
				CLANG_CXX_LANGUAGE_STANDARD = "gnu++20";
				CLANG_ENABLE_MODULES = YES;
				CLANG_ENABLE_OBJC_ARC = YES;
				CLANG_ENABLE_OBJC_WEAK = YES;
				CLANG_WARN_BLOCK_CAPTURE_AUTORELEASING = YES;
				CLANG_WARN_BOOL_CONVERSION = YES;
				CLANG_WARN_COMMA = YES;
				CLANG_WARN_CONSTANT_CONVERSION = YES;
				CLANG_WARN_DEPRECATED_OBJC_IMPLEMENTATIONS = YES;
				CLANG_WARN_DIRECT_OBJC_ISA_USAGE = YES_ERROR;
				CLANG_WARN_DOCUMENTATION_COMMENTS = YES;
				CLANG_WARN_EMPTY_BODY = YES;
				CLANG_WARN_ENUM_CONVERSION = YES;
				CLANG_WARN_INFINITE_RECURSION = YES;
				CLANG_WARN_INT_CONVERSION = YES;
				CLANG_WARN_NON_LITERAL_NULL_CONVERSION = YES;
				CLANG_WARN_OBJC_IMPLICIT_RETAIN_SELF = YES;
				CLANG_WARN_OBJC_LITERAL_CONVERSION = YES;
				CLANG_WARN_OBJC_ROOT_CLASS = YES_ERROR;
				CLANG_WARN_QUOTED_INCLUDE_IN_FRAMEWORK_HEADER = YES;
				CLANG_WARN_RANGE_LOOP_ANALYSIS = YES;
				CLANG_WARN_STRICT_PROTOTYPES = YES;
				CLANG_WARN_SUSPICIOUS_MOVE = YES;
				CLANG_WARN_UNGUARDED_AVAILABILITY = YES_AGGRESSIVE;
				CLANG_WARN_UNREACHABLE_CODE = YES;
				CLANG_WARN__DUPLICATE_METHOD_MATCH = YES;
				COPY_PHASE_STRIP = NO;
				DEBUG_INFORMATION_FORMAT = dwarf;
				ENABLE_STRICT_OBJC_MSGSEND = YES;
				ENABLE_TESTABILITY = YES;
				ENABLE_USER_SCRIPT_SANDBOXING = YES;
				GCC_C_LANGUAGE_STANDARD = gnu17;
				GCC_DYNAMIC_NO_PIC = NO;
				GCC_NO_COMMON_BLOCKS = YES;
				GCC_OPTIMIZATION_LEVEL = 0;
				GCC_PREPROCESSOR_DEFINITIONS = (
					"DEBUG=1",
					"$(inherited)",
				);
				GCC_WARN_64_TO_32_BIT_CONVERSION = YES;
				GCC_WARN_ABOUT_RETURN_TYPE = YES_ERROR;
				GCC_WARN_UNDECLARED_SELECTOR = YES;
				GCC_WARN_UNINITIALIZED_AUTOS = YES_AGGRESSIVE;
				GCC_WARN_UNUSED_FUNCTION = YES;
				GCC_WARN_UNUSED_VARIABLE = YES;
				IPHONEOS_DEPLOYMENT_TARGET = 18.1;
				LOCALIZATION_PREFERS_STRING_CATALOGS = YES;
				MTL_ENABLE_DEBUG_INFO = INCLUDE_SOURCE;
				MTL_FAST_MATH = YES;
				ONLY_ACTIVE_ARCH = YES;
				SDKROOT = iphoneos;
				SWIFT_ACTIVE_COMPILATION_CONDITIONS = "DEBUG $(inherited)";
				SWIFT_OPTIMIZATION_LEVEL = "-Onone";
			};
			name = Debug;
		};
		1BC3922E2CD46BAA00BCEDA4 /* Release */ = {
			isa = XCBuildConfiguration;
			buildSettings = {
				ALWAYS_SEARCH_USER_PATHS = NO;
				ASSETCATALOG_COMPILER_GENERATE_SWIFT_ASSET_SYMBOL_EXTENSIONS = YES;
				CLANG_ANALYZER_NONNULL = YES;
				CLANG_ANALYZER_NUMBER_OBJECT_CONVERSION = YES_AGGRESSIVE;
				CLANG_CXX_LANGUAGE_STANDARD = "gnu++20";
				CLANG_ENABLE_MODULES = YES;
				CLANG_ENABLE_OBJC_ARC = YES;
				CLANG_ENABLE_OBJC_WEAK = YES;
				CLANG_WARN_BLOCK_CAPTURE_AUTORELEASING = YES;
				CLANG_WARN_BOOL_CONVERSION = YES;
				CLANG_WARN_COMMA = YES;
				CLANG_WARN_CONSTANT_CONVERSION = YES;
				CLANG_WARN_DEPRECATED_OBJC_IMPLEMENTATIONS = YES;
				CLANG_WARN_DIRECT_OBJC_ISA_USAGE = YES_ERROR;
				CLANG_WARN_DOCUMENTATION_COMMENTS = YES;
				CLANG_WARN_EMPTY_BODY = YES;
				CLANG_WARN_ENUM_CONVERSION = YES;
				CLANG_WARN_INFINITE_RECURSION = YES;
				CLANG_WARN_INT_CONVERSION = YES;
				CLANG_WARN_NON_LITERAL_NULL_CONVERSION = YES;
				CLANG_WARN_OBJC_IMPLICIT_RETAIN_SELF = YES;
				CLANG_WARN_OBJC_LITERAL_CONVERSION = YES;
				CLANG_WARN_OBJC_ROOT_CLASS = YES_ERROR;
				CLANG_WARN_QUOTED_INCLUDE_IN_FRAMEWORK_HEADER = YES;
				CLANG_WARN_RANGE_LOOP_ANALYSIS = YES;
				CLANG_WARN_STRICT_PROTOTYPES = YES;
				CLANG_WARN_SUSPICIOUS_MOVE = YES;
				CLANG_WARN_UNGUARDED_AVAILABILITY = YES_AGGRESSIVE;
				CLANG_WARN_UNREACHABLE_CODE = YES;
				CLANG_WARN__DUPLICATE_METHOD_MATCH = YES;
				COPY_PHASE_STRIP = NO;
				DEBUG_INFORMATION_FORMAT = "dwarf-with-dsym";
				ENABLE_NS_ASSERTIONS = NO;
				ENABLE_STRICT_OBJC_MSGSEND = YES;
				ENABLE_USER_SCRIPT_SANDBOXING = YES;
				GCC_C_LANGUAGE_STANDARD = gnu17;
				GCC_NO_COMMON_BLOCKS = YES;
				GCC_WARN_64_TO_32_BIT_CONVERSION = YES;
				GCC_WARN_ABOUT_RETURN_TYPE = YES_ERROR;
				GCC_WARN_UNDECLARED_SELECTOR = YES;
				GCC_WARN_UNINITIALIZED_AUTOS = YES_AGGRESSIVE;
				GCC_WARN_UNUSED_FUNCTION = YES;
				GCC_WARN_UNUSED_VARIABLE = YES;
				IPHONEOS_DEPLOYMENT_TARGET = 18.1;
				LOCALIZATION_PREFERS_STRING_CATALOGS = YES;
				MTL_ENABLE_DEBUG_INFO = NO;
				MTL_FAST_MATH = YES;
				SDKROOT = iphoneos;
				SWIFT_COMPILATION_MODE = wholemodule;
				VALIDATE_PRODUCT = YES;
			};
			name = Release;
		};
		1BC392302CD46BAA00BCEDA4 /* Debug */ = {
			isa = XCBuildConfiguration;
			buildSettings = {
				BUNDLE_LOADER = "$(TEST_HOST)";
				CODE_SIGN_STYLE = Automatic;
				CURRENT_PROJECT_VERSION = 1;
				DEVELOPMENT_TEAM = XD7KFVM4LP;
				GENERATE_INFOPLIST_FILE = YES;
				IPHONEOS_DEPLOYMENT_TARGET = 18.1;
				MARKETING_VERSION = 1.0;
				PRODUCT_BUNDLE_IDENTIFIER = com.liah.DateFormatterTests;
				PRODUCT_NAME = "$(TARGET_NAME)";
				SWIFT_EMIT_LOC_STRINGS = NO;
				SWIFT_VERSION = 5.0;
				TARGETED_DEVICE_FAMILY = "1,2";
				TEST_HOST = "$(BUILT_PRODUCTS_DIR)/DateFormatter.app/$(BUNDLE_EXECUTABLE_FOLDER_PATH)/DateFormatter";
			};
			name = Debug;
		};
		1BC392312CD46BAA00BCEDA4 /* Release */ = {
			isa = XCBuildConfiguration;
			buildSettings = {
				BUNDLE_LOADER = "$(TEST_HOST)";
				CODE_SIGN_STYLE = Automatic;
				CURRENT_PROJECT_VERSION = 1;
				DEVELOPMENT_TEAM = XD7KFVM4LP;
				GENERATE_INFOPLIST_FILE = YES;
				IPHONEOS_DEPLOYMENT_TARGET = 18.1;
				MARKETING_VERSION = 1.0;
				PRODUCT_BUNDLE_IDENTIFIER = com.liah.DateFormatterTests;
				PRODUCT_NAME = "$(TARGET_NAME)";
				SWIFT_EMIT_LOC_STRINGS = NO;
				SWIFT_VERSION = 5.0;
				TARGETED_DEVICE_FAMILY = "1,2";
				TEST_HOST = "$(BUILT_PRODUCTS_DIR)/DateFormatter.app/$(BUNDLE_EXECUTABLE_FOLDER_PATH)/DateFormatter";
			};
			name = Release;
		};
		1BC392332CD46BAA00BCEDA4 /* Debug */ = {
			isa = XCBuildConfiguration;
			buildSettings = {
				CODE_SIGN_STYLE = Automatic;
				CURRENT_PROJECT_VERSION = 1;
				DEVELOPMENT_TEAM = XD7KFVM4LP;
				GENERATE_INFOPLIST_FILE = YES;
				MARKETING_VERSION = 1.0;
				PRODUCT_BUNDLE_IDENTIFIER = com.liah.DateFormatterUITests;
				PRODUCT_NAME = "$(TARGET_NAME)";
				SWIFT_EMIT_LOC_STRINGS = NO;
				SWIFT_VERSION = 5.0;
				TARGETED_DEVICE_FAMILY = "1,2";
				TEST_TARGET_NAME = DateFormatter;
			};
			name = Debug;
		};
		1BC392342CD46BAA00BCEDA4 /* Release */ = {
			isa = XCBuildConfiguration;
			buildSettings = {
				CODE_SIGN_STYLE = Automatic;
				CURRENT_PROJECT_VERSION = 1;
				DEVELOPMENT_TEAM = XD7KFVM4LP;
				GENERATE_INFOPLIST_FILE = YES;
				MARKETING_VERSION = 1.0;
				PRODUCT_BUNDLE_IDENTIFIER = com.liah.DateFormatterUITests;
				PRODUCT_NAME = "$(TARGET_NAME)";
				SWIFT_EMIT_LOC_STRINGS = NO;
				SWIFT_VERSION = 5.0;
				TARGETED_DEVICE_FAMILY = "1,2";
				TEST_TARGET_NAME = DateFormatter;
			};
			name = Release;
		};
/* End XCBuildConfiguration section */

/* Begin XCConfigurationList section */
		1BC391FC2CD46BA800BCEDA4 /* Build configuration list for PBXProject "DateFormatter" */ = {
			isa = XCConfigurationList;
			buildConfigurations = (
				1BC3922D2CD46BAA00BCEDA4 /* Debug */,
				1BC3922E2CD46BAA00BCEDA4 /* Release */,
			);
			defaultConfigurationIsVisible = 0;
			defaultConfigurationName = Release;
		};
		1BC3922A2CD46BAA00BCEDA4 /* Build configuration list for PBXNativeTarget "DateFormatter" */ = {
			isa = XCConfigurationList;
			buildConfigurations = (
				1BC3922B2CD46BAA00BCEDA4 /* Debug */,
				1BC3922C2CD46BAA00BCEDA4 /* Release */,
			);
			defaultConfigurationIsVisible = 0;
			defaultConfigurationName = Release;
		};
		1BC3922F2CD46BAA00BCEDA4 /* Build configuration list for PBXNativeTarget "DateFormatterTests" */ = {
			isa = XCConfigurationList;
			buildConfigurations = (
				1BC392302CD46BAA00BCEDA4 /* Debug */,
				1BC392312CD46BAA00BCEDA4 /* Release */,
			);
			defaultConfigurationIsVisible = 0;
			defaultConfigurationName = Release;
		};
		1BC392322CD46BAA00BCEDA4 /* Build configuration list for PBXNativeTarget "DateFormatterUITests" */ = {
			isa = XCConfigurationList;
			buildConfigurations = (
				1BC392332CD46BAA00BCEDA4 /* Debug */,
				1BC392342CD46BAA00BCEDA4 /* Release */,
			);
			defaultConfigurationIsVisible = 0;
			defaultConfigurationName = Release;
		};
/* End XCConfigurationList section */
	};
	rootObject = 1BC391F92CD46BA800BCEDA4 /* Project object */;
}
