// !$*UTF8*$!
{
	archiveVersion = 1;
	classes = {
	};
	objectVersion = 56;
	objects = {

/* Begin PBXBuildFile section */
		1B23632E2C45016E006DAE0F /* AppDelegate.swift in Sources */ = {isa = PBXBuildFile; fileRef = 1B23632D2C45016E006DAE0F /* AppDelegate.swift */; };
		1B2363302C45016E006DAE0F /* SceneDelegate.swift in Sources */ = {isa = PBXBuildFile; fileRef = 1B23632F2C45016E006DAE0F /* SceneDelegate.swift */; };
		1B2363322C45016E006DAE0F /* ViewController.swift in Sources */ = {isa = PBXBuildFile; fileRef = 1B2363312C45016E006DAE0F /* ViewController.swift */; };
		1B2363352C45016E006DAE0F /* Base in Resources */ = {isa = PBXBuildFile; fileRef = 1B2363342C45016E006DAE0F /* Base */; };
		1B2363372C45016F006DAE0F /* Assets.xcassets in Resources */ = {isa = PBXBuildFile; fileRef = 1B2363362C45016F006DAE0F /* Assets.xcassets */; };
		1B23633A2C45016F006DAE0F /* Base in Resources */ = {isa = PBXBuildFile; fileRef = 1B2363392C45016F006DAE0F /* Base */; };
		1B2363432C4501C2006DAE0F /* SnapKit in Frameworks */ = {isa = PBXBuildFile; productRef = 1B2363422C4501C2006DAE0F /* SnapKit */; };
		1B2363472C4508E4006DAE0F /* MyCell.swift in Sources */ = {isa = PBXBuildFile; fileRef = 1B2363462C4508E4006DAE0F /* MyCell.swift */; };
		1B2363492C452062006DAE0F /* CustomFlowLayout.swift in Sources */ = {isa = PBXBuildFile; fileRef = 1B2363482C452062006DAE0F /* CustomFlowLayout.swift */; };
		1B9883E72C464183008DA7AC /* MenuBar.swift in Sources */ = {isa = PBXBuildFile; fileRef = 1B9883E62C464183008DA7AC /* MenuBar.swift */; };
		1B9883E92C464C8C008DA7AC /* CustomCompLayout.swift in Sources */ = {isa = PBXBuildFile; fileRef = 1B9883E82C464C8C008DA7AC /* CustomCompLayout.swift */; };
/* End PBXBuildFile section */

/* Begin PBXFileReference section */
		1B23632A2C45016E006DAE0F /* StickyCellMenuBar.app */ = {isa = PBXFileReference; explicitFileType = wrapper.application; includeInIndex = 0; path = StickyCellMenuBar.app; sourceTree = BUILT_PRODUCTS_DIR; };
		1B23632D2C45016E006DAE0F /* AppDelegate.swift */ = {isa = PBXFileReference; lastKnownFileType = sourcecode.swift; path = AppDelegate.swift; sourceTree = "<group>"; };
		1B23632F2C45016E006DAE0F /* SceneDelegate.swift */ = {isa = PBXFileReference; lastKnownFileType = sourcecode.swift; path = SceneDelegate.swift; sourceTree = "<group>"; };
		1B2363312C45016E006DAE0F /* ViewController.swift */ = {isa = PBXFileReference; lastKnownFileType = sourcecode.swift; path = ViewController.swift; sourceTree = "<group>"; };
		1B2363342C45016E006DAE0F /* Base */ = {isa = PBXFileReference; lastKnownFileType = file.storyboard; name = Base; path = Base.lproj/Main.storyboard; sourceTree = "<group>"; };
		1B2363362C45016F006DAE0F /* Assets.xcassets */ = {isa = PBXFileReference; lastKnownFileType = folder.assetcatalog; path = Assets.xcassets; sourceTree = "<group>"; };
		1B2363392C45016F006DAE0F /* Base */ = {isa = PBXFileReference; lastKnownFileType = file.storyboard; name = Base; path = Base.lproj/LaunchScreen.storyboard; sourceTree = "<group>"; };
		1B23633B2C45016F006DAE0F /* Info.plist */ = {isa = PBXFileReference; lastKnownFileType = text.plist.xml; path = Info.plist; sourceTree = "<group>"; };
		1B2363462C4508E4006DAE0F /* MyCell.swift */ = {isa = PBXFileReference; lastKnownFileType = sourcecode.swift; path = MyCell.swift; sourceTree = "<group>"; };
		1B2363482C452062006DAE0F /* CustomFlowLayout.swift */ = {isa = PBXFileReference; lastKnownFileType = sourcecode.swift; path = CustomFlowLayout.swift; sourceTree = "<group>"; };
		1B9883E62C464183008DA7AC /* MenuBar.swift */ = {isa = PBXFileReference; lastKnownFileType = sourcecode.swift; path = MenuBar.swift; sourceTree = "<group>"; };
		1B9883E82C464C8C008DA7AC /* CustomCompLayout.swift */ = {isa = PBXFileReference; lastKnownFileType = sourcecode.swift; path = CustomCompLayout.swift; sourceTree = "<group>"; };
/* End PBXFileReference section */

/* Begin PBXFrameworksBuildPhase section */
		1B2363272C45016E006DAE0F /* Frameworks */ = {
			isa = PBXFrameworksBuildPhase;
			buildActionMask = 2147483647;
			files = (
				1B2363432C4501C2006DAE0F /* SnapKit in Frameworks */,
			);
			runOnlyForDeploymentPostprocessing = 0;
		};
/* End PBXFrameworksBuildPhase section */

/* Begin PBXGroup section */
		1B2363212C45016E006DAE0F = {
			isa = PBXGroup;
			children = (
				1B23632C2C45016E006DAE0F /* StickyCellMenuBar */,
				1B23632B2C45016E006DAE0F /* Products */,
			);
			sourceTree = "<group>";
		};
		1B23632B2C45016E006DAE0F /* Products */ = {
			isa = PBXGroup;
			children = (
				1B23632A2C45016E006DAE0F /* StickyCellMenuBar.app */,
			);
			name = Products;
			sourceTree = "<group>";
		};
		1B23632C2C45016E006DAE0F /* StickyCellMenuBar */ = {
			isa = PBXGroup;
			children = (
				1B9883E42C464108008DA7AC /* App */,
				1B2363312C45016E006DAE0F /* ViewController.swift */,
				1B2363482C452062006DAE0F /* CustomFlowLayout.swift */,
				1B9883E82C464C8C008DA7AC /* CustomCompLayout.swift */,
				1B2363462C4508E4006DAE0F /* MyCell.swift */,
				1B9883E52C46410E008DA7AC /* MenuBar */,
				1B9883E32C4640F9008DA7AC /* Resources */,
				1B23633B2C45016F006DAE0F /* Info.plist */,
			);
			path = StickyCellMenuBar;
			sourceTree = "<group>";
		};
		1B9883E32C4640F9008DA7AC /* Resources */ = {
			isa = PBXGroup;
			children = (
				1B2363332C45016E006DAE0F /* Main.storyboard */,
				1B2363362C45016F006DAE0F /* Assets.xcassets */,
				1B2363382C45016F006DAE0F /* LaunchScreen.storyboard */,
			);
			path = Resources;
			sourceTree = "<group>";
		};
		1B9883E42C464108008DA7AC /* App */ = {
			isa = PBXGroup;
			children = (
				1B23632D2C45016E006DAE0F /* AppDelegate.swift */,
				1B23632F2C45016E006DAE0F /* SceneDelegate.swift */,
			);
			path = App;
			sourceTree = "<group>";
		};
		1B9883E52C46410E008DA7AC /* MenuBar */ = {
			isa = PBXGroup;
			children = (
				1B9883E62C464183008DA7AC /* MenuBar.swift */,
			);
			path = MenuBar;
			sourceTree = "<group>";
		};
/* End PBXGroup section */

/* Begin PBXNativeTarget section */
		1B2363292C45016E006DAE0F /* StickyCellMenuBar */ = {
			isa = PBXNativeTarget;
			buildConfigurationList = 1B23633E2C45016F006DAE0F /* Build configuration list for PBXNativeTarget "StickyCellMenuBar" */;
			buildPhases = (
				1B2363262C45016E006DAE0F /* Sources */,
				1B2363272C45016E006DAE0F /* Frameworks */,
				1B2363282C45016E006DAE0F /* Resources */,
			);
			buildRules = (
			);
			dependencies = (
			);
			name = StickyCellMenuBar;
			packageProductDependencies = (
				1B2363422C4501C2006DAE0F /* SnapKit */,
			);
			productName = StickyCellMenuBar;
			productReference = 1B23632A2C45016E006DAE0F /* StickyCellMenuBar.app */;
			productType = "com.apple.product-type.application";
		};
/* End PBXNativeTarget section */

/* Begin PBXProject section */
		1B2363222C45016E006DAE0F /* Project object */ = {
			isa = PBXProject;
			attributes = {
				BuildIndependentTargetsInParallel = 1;
				LastSwiftUpdateCheck = 1540;
				LastUpgradeCheck = 1540;
				TargetAttributes = {
					1B2363292C45016E006DAE0F = {
						CreatedOnToolsVersion = 15.4;
					};
				};
			};
			buildConfigurationList = 1B2363252C45016E006DAE0F /* Build configuration list for PBXProject "StickyCellMenuBar" */;
			compatibilityVersion = "Xcode 14.0";
			developmentRegion = en;
			hasScannedForEncodings = 0;
			knownRegions = (
				en,
				Base,
			);
			mainGroup = 1B2363212C45016E006DAE0F;
			packageReferences = (
				1B2363412C4501C2006DAE0F /* XCRemoteSwiftPackageReference "SnapKit" */,
			);
			productRefGroup = 1B23632B2C45016E006DAE0F /* Products */;
			projectDirPath = "";
			projectRoot = "";
			targets = (
				1B2363292C45016E006DAE0F /* StickyCellMenuBar */,
			);
		};
/* End PBXProject section */

/* Begin PBXResourcesBuildPhase section */
		1B2363282C45016E006DAE0F /* Resources */ = {
			isa = PBXResourcesBuildPhase;
			buildActionMask = 2147483647;
			files = (
				1B2363372C45016F006DAE0F /* Assets.xcassets in Resources */,
				1B23633A2C45016F006DAE0F /* Base in Resources */,
				1B2363352C45016E006DAE0F /* Base in Resources */,
			);
			runOnlyForDeploymentPostprocessing = 0;
		};
/* End PBXResourcesBuildPhase section */

/* Begin PBXSourcesBuildPhase section */
		1B2363262C45016E006DAE0F /* Sources */ = {
			isa = PBXSourcesBuildPhase;
			buildActionMask = 2147483647;
			files = (
				1B2363322C45016E006DAE0F /* ViewController.swift in Sources */,
				1B2363472C4508E4006DAE0F /* MyCell.swift in Sources */,
				1B9883E72C464183008DA7AC /* MenuBar.swift in Sources */,
				1B23632E2C45016E006DAE0F /* AppDelegate.swift in Sources */,
				1B2363492C452062006DAE0F /* CustomFlowLayout.swift in Sources */,
				1B9883E92C464C8C008DA7AC /* CustomCompLayout.swift in Sources */,
				1B2363302C45016E006DAE0F /* SceneDelegate.swift in Sources */,
			);
			runOnlyForDeploymentPostprocessing = 0;
		};
/* End PBXSourcesBuildPhase section */

/* Begin PBXVariantGroup section */
		1B2363332C45016E006DAE0F /* Main.storyboard */ = {
			isa = PBXVariantGroup;
			children = (
				1B2363342C45016E006DAE0F /* Base */,
			);
			name = Main.storyboard;
			sourceTree = "<group>";
		};
		1B2363382C45016F006DAE0F /* LaunchScreen.storyboard */ = {
			isa = PBXVariantGroup;
			children = (
				1B2363392C45016F006DAE0F /* Base */,
			);
			name = LaunchScreen.storyboard;
			sourceTree = "<group>";
		};
/* End PBXVariantGroup section */

/* Begin XCBuildConfiguration section */
		1B23633C2C45016F006DAE0F /* Debug */ = {
			isa = XCBuildConfiguration;
			buildSettings = {
				ALWAYS_SEARCH_USER_PATHS = NO;
				ASSETCATALOG_COMPILER_GENERATE_SWIFT_ASSET_SYMBOL_EXTENSIONS = YES;
				CLANG_ANALYZER_NONNULL = YES;
				CLANG_ANALYZER_NUMBER_OBJECT_CONVERSION = YES_AGGRESSIVE;
				CLANG_CXX_LANGUAGE_STANDARD = "gnu++20";
				CLANG_ENABLE_MODULES = YES;
				CLANG_ENABLE_OBJC_ARC = YES;
				CLANG_ENABLE_OBJC_WEAK = YES;
				CLANG_WARN_BLOCK_CAPTURE_AUTORELEASING = YES;
				CLANG_WARN_BOOL_CONVERSION = YES;
				CLANG_WARN_COMMA = YES;
				CLANG_WARN_CONSTANT_CONVERSION = YES;
				CLANG_WARN_DEPRECATED_OBJC_IMPLEMENTATIONS = YES;
				CLANG_WARN_DIRECT_OBJC_ISA_USAGE = YES_ERROR;
				CLANG_WARN_DOCUMENTATION_COMMENTS = YES;
				CLANG_WARN_EMPTY_BODY = YES;
				CLANG_WARN_ENUM_CONVERSION = YES;
				CLANG_WARN_INFINITE_RECURSION = YES;
				CLANG_WARN_INT_CONVERSION = YES;
				CLANG_WARN_NON_LITERAL_NULL_CONVERSION = YES;
				CLANG_WARN_OBJC_IMPLICIT_RETAIN_SELF = YES;
				CLANG_WARN_OBJC_LITERAL_CONVERSION = YES;
				CLANG_WARN_OBJC_ROOT_CLASS = YES_ERROR;
				CLANG_WARN_QUOTED_INCLUDE_IN_FRAMEWORK_HEADER = YES;
				CLANG_WARN_RANGE_LOOP_ANALYSIS = YES;
				CLANG_WARN_STRICT_PROTOTYPES = YES;
				CLANG_WARN_SUSPICIOUS_MOVE = YES;
				CLANG_WARN_UNGUARDED_AVAILABILITY = YES_AGGRESSIVE;
				CLANG_WARN_UNREACHABLE_CODE = YES;
				CLANG_WARN__DUPLICATE_METHOD_MATCH = YES;
				COPY_PHASE_STRIP = NO;
				DEBUG_INFORMATION_FORMAT = dwarf;
				ENABLE_STRICT_OBJC_MSGSEND = YES;
				ENABLE_TESTABILITY = YES;
				ENABLE_USER_SCRIPT_SANDBOXING = YES;
				GCC_C_LANGUAGE_STANDARD = gnu17;
				GCC_DYNAMIC_NO_PIC = NO;
				GCC_NO_COMMON_BLOCKS = YES;
				GCC_OPTIMIZATION_LEVEL = 0;
				GCC_PREPROCESSOR_DEFINITIONS = (
					"DEBUG=1",
					"$(inherited)",
				);
				GCC_WARN_64_TO_32_BIT_CONVERSION = YES;
				GCC_WARN_ABOUT_RETURN_TYPE = YES_ERROR;
				GCC_WARN_UNDECLARED_SELECTOR = YES;
				GCC_WARN_UNINITIALIZED_AUTOS = YES_AGGRESSIVE;
				GCC_WARN_UNUSED_FUNCTION = YES;
				GCC_WARN_UNUSED_VARIABLE = YES;
				IPHONEOS_DEPLOYMENT_TARGET = 17.5;
				LOCALIZATION_PREFERS_STRING_CATALOGS = YES;
				MTL_ENABLE_DEBUG_INFO = INCLUDE_SOURCE;
				MTL_FAST_MATH = YES;
				ONLY_ACTIVE_ARCH = YES;
				SDKROOT = iphoneos;
				SWIFT_ACTIVE_COMPILATION_CONDITIONS = "DEBUG $(inherited)";
				SWIFT_OPTIMIZATION_LEVEL = "-Onone";
			};
			name = Debug;
		};
		1B23633D2C45016F006DAE0F /* Release */ = {
			isa = XCBuildConfiguration;
			buildSettings = {
				ALWAYS_SEARCH_USER_PATHS = NO;
				ASSETCATALOG_COMPILER_GENERATE_SWIFT_ASSET_SYMBOL_EXTENSIONS = YES;
				CLANG_ANALYZER_NONNULL = YES;
				CLANG_ANALYZER_NUMBER_OBJECT_CONVERSION = YES_AGGRESSIVE;
				CLANG_CXX_LANGUAGE_STANDARD = "gnu++20";
				CLANG_ENABLE_MODULES = YES;
				CLANG_ENABLE_OBJC_ARC = YES;
				CLANG_ENABLE_OBJC_WEAK = YES;
				CLANG_WARN_BLOCK_CAPTURE_AUTORELEASING = YES;
				CLANG_WARN_BOOL_CONVERSION = YES;
				CLANG_WARN_COMMA = YES;
				CLANG_WARN_CONSTANT_CONVERSION = YES;
				CLANG_WARN_DEPRECATED_OBJC_IMPLEMENTATIONS = YES;
				CLANG_WARN_DIRECT_OBJC_ISA_USAGE = YES_ERROR;
				CLANG_WARN_DOCUMENTATION_COMMENTS = YES;
				CLANG_WARN_EMPTY_BODY = YES;
				CLANG_WARN_ENUM_CONVERSION = YES;
				CLANG_WARN_INFINITE_RECURSION = YES;
				CLANG_WARN_INT_CONVERSION = YES;
				CLANG_WARN_NON_LITERAL_NULL_CONVERSION = YES;
				CLANG_WARN_OBJC_IMPLICIT_RETAIN_SELF = YES;
				CLANG_WARN_OBJC_LITERAL_CONVERSION = YES;
				CLANG_WARN_OBJC_ROOT_CLASS = YES_ERROR;
				CLANG_WARN_QUOTED_INCLUDE_IN_FRAMEWORK_HEADER = YES;
				CLANG_WARN_RANGE_LOOP_ANALYSIS = YES;
				CLANG_WARN_STRICT_PROTOTYPES = YES;
				CLANG_WARN_SUSPICIOUS_MOVE = YES;
				CLANG_WARN_UNGUARDED_AVAILABILITY = YES_AGGRESSIVE;
				CLANG_WARN_UNREACHABLE_CODE = YES;
				CLANG_WARN__DUPLICATE_METHOD_MATCH = YES;
				COPY_PHASE_STRIP = NO;
				DEBUG_INFORMATION_FORMAT = "dwarf-with-dsym";
				ENABLE_NS_ASSERTIONS = NO;
				ENABLE_STRICT_OBJC_MSGSEND = YES;
				ENABLE_USER_SCRIPT_SANDBOXING = YES;
				GCC_C_LANGUAGE_STANDARD = gnu17;
				GCC_NO_COMMON_BLOCKS = YES;
				GCC_WARN_64_TO_32_BIT_CONVERSION = YES;
				GCC_WARN_ABOUT_RETURN_TYPE = YES_ERROR;
				GCC_WARN_UNDECLARED_SELECTOR = YES;
				GCC_WARN_UNINITIALIZED_AUTOS = YES_AGGRESSIVE;
				GCC_WARN_UNUSED_FUNCTION = YES;
				GCC_WARN_UNUSED_VARIABLE = YES;
				IPHONEOS_DEPLOYMENT_TARGET = 17.5;
				LOCALIZATION_PREFERS_STRING_CATALOGS = YES;
				MTL_ENABLE_DEBUG_INFO = NO;
				MTL_FAST_MATH = YES;
				SDKROOT = iphoneos;
				SWIFT_COMPILATION_MODE = wholemodule;
				VALIDATE_PRODUCT = YES;
			};
			name = Release;
		};
		1B23633F2C45016F006DAE0F /* Debug */ = {
			isa = XCBuildConfiguration;
			buildSettings = {
				ASSETCATALOG_COMPILER_APPICON_NAME = AppIcon;
				ASSETCATALOG_COMPILER_GLOBAL_ACCENT_COLOR_NAME = AccentColor;
				CODE_SIGN_STYLE = Automatic;
				CURRENT_PROJECT_VERSION = 1;
				DEVELOPMENT_TEAM = XD7KFVM4LP;
				GENERATE_INFOPLIST_FILE = YES;
				INFOPLIST_FILE = StickyCellMenuBar/Info.plist;
				INFOPLIST_KEY_UIApplicationSupportsIndirectInputEvents = YES;
				INFOPLIST_KEY_UILaunchStoryboardName = LaunchScreen;
				INFOPLIST_KEY_UIMainStoryboardFile = Main;
				INFOPLIST_KEY_UISupportedInterfaceOrientations_iPad = "UIInterfaceOrientationPortrait UIInterfaceOrientationPortraitUpsideDown UIInterfaceOrientationLandscapeLeft UIInterfaceOrientationLandscapeRight";
				INFOPLIST_KEY_UISupportedInterfaceOrientations_iPhone = "UIInterfaceOrientationPortrait UIInterfaceOrientationLandscapeLeft UIInterfaceOrientationLandscapeRight";
				LD_RUNPATH_SEARCH_PATHS = (
					"$(inherited)",
					"@executable_path/Frameworks",
				);
				MARKETING_VERSION = 1.0;
				PRODUCT_BUNDLE_IDENTIFIER = com.liah.StickyCellMenuBar;
				PRODUCT_NAME = "$(TARGET_NAME)";
				SWIFT_EMIT_LOC_STRINGS = YES;
				SWIFT_VERSION = 5.0;
				TARGETED_DEVICE_FAMILY = "1,2";
			};
			name = Debug;
		};
		1B2363402C45016F006DAE0F /* Release */ = {
			isa = XCBuildConfiguration;
			buildSettings = {
				ASSETCATALOG_COMPILER_APPICON_NAME = AppIcon;
				ASSETCATALOG_COMPILER_GLOBAL_ACCENT_COLOR_NAME = AccentColor;
				CODE_SIGN_STYLE = Automatic;
				CURRENT_PROJECT_VERSION = 1;
				DEVELOPMENT_TEAM = XD7KFVM4LP;
				GENERATE_INFOPLIST_FILE = YES;
				INFOPLIST_FILE = StickyCellMenuBar/Info.plist;
				INFOPLIST_KEY_UIApplicationSupportsIndirectInputEvents = YES;
				INFOPLIST_KEY_UILaunchStoryboardName = LaunchScreen;
				INFOPLIST_KEY_UIMainStoryboardFile = Main;
				INFOPLIST_KEY_UISupportedInterfaceOrientations_iPad = "UIInterfaceOrientationPortrait UIInterfaceOrientationPortraitUpsideDown UIInterfaceOrientationLandscapeLeft UIInterfaceOrientationLandscapeRight";
				INFOPLIST_KEY_UISupportedInterfaceOrientations_iPhone = "UIInterfaceOrientationPortrait UIInterfaceOrientationLandscapeLeft UIInterfaceOrientationLandscapeRight";
				LD_RUNPATH_SEARCH_PATHS = (
					"$(inherited)",
					"@executable_path/Frameworks",
				);
				MARKETING_VERSION = 1.0;
				PRODUCT_BUNDLE_IDENTIFIER = com.liah.StickyCellMenuBar;
				PRODUCT_NAME = "$(TARGET_NAME)";
				SWIFT_EMIT_LOC_STRINGS = YES;
				SWIFT_VERSION = 5.0;
				TARGETED_DEVICE_FAMILY = "1,2";
			};
			name = Release;
		};
/* End XCBuildConfiguration section */

/* Begin XCConfigurationList section */
		1B2363252C45016E006DAE0F /* Build configuration list for PBXProject "StickyCellMenuBar" */ = {
			isa = XCConfigurationList;
			buildConfigurations = (
				1B23633C2C45016F006DAE0F /* Debug */,
				1B23633D2C45016F006DAE0F /* Release */,
			);
			defaultConfigurationIsVisible = 0;
			defaultConfigurationName = Release;
		};
		1B23633E2C45016F006DAE0F /* Build configuration list for PBXNativeTarget "StickyCellMenuBar" */ = {
			isa = XCConfigurationList;
			buildConfigurations = (
				1B23633F2C45016F006DAE0F /* Debug */,
				1B2363402C45016F006DAE0F /* Release */,
			);
			defaultConfigurationIsVisible = 0;
			defaultConfigurationName = Release;
		};
/* End XCConfigurationList section */

/* Begin XCRemoteSwiftPackageReference section */
		1B2363412C4501C2006DAE0F /* XCRemoteSwiftPackageReference "SnapKit" */ = {
			isa = XCRemoteSwiftPackageReference;
			repositoryURL = "https://github.com/SnapKit/SnapKit.git";
			requirement = {
				kind = upToNextMajorVersion;
				minimumVersion = 5.7.1;
			};
		};
/* End XCRemoteSwiftPackageReference section */

/* Begin XCSwiftPackageProductDependency section */
		1B2363422C4501C2006DAE0F /* SnapKit */ = {
			isa = XCSwiftPackageProductDependency;
			package = 1B2363412C4501C2006DAE0F /* XCRemoteSwiftPackageReference "SnapKit" */;
			productName = SnapKit;
		};
/* End XCSwiftPackageProductDependency section */
	};
	rootObject = 1B2363222C45016E006DAE0F /* Project object */;
}
