// !$*UTF8*$!
{
	archiveVersion = 1;
	classes = {
	};
	objectVersion = 56;
	objects = {

/* Begin PBXBuildFile section */
		1BB5DC2C2BCBA9210053FA99 /* AppDelegate.swift in Sources */ = {isa = PBXBuildFile; fileRef = 1BB5DC2B2BCBA9210053FA99 /* AppDelegate.swift */; };
		1BB5DC2E2BCBA9210053FA99 /* SceneDelegate.swift in Sources */ = {isa = PBXBuildFile; fileRef = 1BB5DC2D2BCBA9210053FA99 /* SceneDelegate.swift */; };
		1BB5DC302BCBA9210053FA99 /* MainViewController.swift in Sources */ = {isa = PBXBuildFile; fileRef = 1BB5DC2F2BCBA9210053FA99 /* MainViewController.swift */; };
		1BB5DC352BCBA9230053FA99 /* Assets.xcassets in Resources */ = {isa = PBXBuildFile; fileRef = 1BB5DC342BCBA9230053FA99 /* Assets.xcassets */; };
		1BB5DC382BCBA9230053FA99 /* LaunchScreen.storyboard in Resources */ = {isa = PBXBuildFile; fileRef = 1BB5DC362BCBA9230053FA99 /* LaunchScreen.storyboard */; };
		1BD743AB2BCBB05A00AD9EB3 /* SnapKit in Frameworks */ = {isa = PBXBuildFile; productRef = 1BD743AA2BCBB05A00AD9EB3 /* SnapKit */; };
		1BD743AD2BCBB05A00AD9EB3 /* SnapKit-Dynamic in Frameworks */ = {isa = PBXBuildFile; productRef = 1BD743AC2BCBB05A00AD9EB3 /* SnapKit-Dynamic */; };
		1BD743B02BCBD43400AD9EB3 /* SecondViewController.swift in Sources */ = {isa = PBXBuildFile; fileRef = 1BD743AE2BCBD43400AD9EB3 /* SecondViewController.swift */; };
		1BD743B12BCBD43400AD9EB3 /* SecondViewController.xib in Resources */ = {isa = PBXBuildFile; fileRef = 1BD743AF2BCBD43400AD9EB3 /* SecondViewController.xib */; };
		1BD743B32BCBD46700AD9EB3 /* Main.storyboard in Resources */ = {isa = PBXBuildFile; fileRef = 1BD743B22BCBD46700AD9EB3 /* Main.storyboard */; };
		1BD743B62BCBD8A000AD9EB3 /* HomeBottomSheetView.swift in Sources */ = {isa = PBXBuildFile; fileRef = 1BD743B52BCBD8A000AD9EB3 /* HomeBottomSheetView.swift */; };
		1BD743B92BCBD9A600AD9EB3 /* UIView+.swift in Sources */ = {isa = PBXBuildFile; fileRef = 1BD743B82BCBD9A600AD9EB3 /* UIView+.swift */; };
		1BD743BB2BCBD9F900AD9EB3 /* CodeOnlyViewController.swift in Sources */ = {isa = PBXBuildFile; fileRef = 1BD743BA2BCBD9F900AD9EB3 /* CodeOnlyViewController.swift */; };
		1BD743BD2BCBE05E00AD9EB3 /* UIImageView+.swift in Sources */ = {isa = PBXBuildFile; fileRef = 1BD743BC2BCBE05E00AD9EB3 /* UIImageView+.swift */; };
/* End PBXBuildFile section */

/* Begin PBXFileReference section */
		1BB5DC282BCBA9210053FA99 /* ViewDidLoadWidth.app */ = {isa = PBXFileReference; explicitFileType = wrapper.application; includeInIndex = 0; path = ViewDidLoadWidth.app; sourceTree = BUILT_PRODUCTS_DIR; };
		1BB5DC2B2BCBA9210053FA99 /* AppDelegate.swift */ = {isa = PBXFileReference; lastKnownFileType = sourcecode.swift; path = AppDelegate.swift; sourceTree = "<group>"; };
		1BB5DC2D2BCBA9210053FA99 /* SceneDelegate.swift */ = {isa = PBXFileReference; lastKnownFileType = sourcecode.swift; path = SceneDelegate.swift; sourceTree = "<group>"; };
		1BB5DC2F2BCBA9210053FA99 /* MainViewController.swift */ = {isa = PBXFileReference; lastKnownFileType = sourcecode.swift; path = MainViewController.swift; sourceTree = "<group>"; };
		1BB5DC342BCBA9230053FA99 /* Assets.xcassets */ = {isa = PBXFileReference; lastKnownFileType = folder.assetcatalog; path = Assets.xcassets; sourceTree = "<group>"; };
		1BB5DC372BCBA9230053FA99 /* Base */ = {isa = PBXFileReference; lastKnownFileType = file.storyboard; name = Base; path = Base.lproj/LaunchScreen.storyboard; sourceTree = "<group>"; };
		1BB5DC392BCBA9230053FA99 /* Info.plist */ = {isa = PBXFileReference; lastKnownFileType = text.plist.xml; path = Info.plist; sourceTree = "<group>"; };
		1BD743AE2BCBD43400AD9EB3 /* SecondViewController.swift */ = {isa = PBXFileReference; lastKnownFileType = sourcecode.swift; path = SecondViewController.swift; sourceTree = "<group>"; };
		1BD743AF2BCBD43400AD9EB3 /* SecondViewController.xib */ = {isa = PBXFileReference; lastKnownFileType = file.xib; path = SecondViewController.xib; sourceTree = "<group>"; };
		1BD743B22BCBD46700AD9EB3 /* Main.storyboard */ = {isa = PBXFileReference; lastKnownFileType = file.storyboard; path = Main.storyboard; sourceTree = "<group>"; };
		1BD743B52BCBD8A000AD9EB3 /* HomeBottomSheetView.swift */ = {isa = PBXFileReference; lastKnownFileType = sourcecode.swift; path = HomeBottomSheetView.swift; sourceTree = "<group>"; };
		1BD743B82BCBD9A600AD9EB3 /* UIView+.swift */ = {isa = PBXFileReference; lastKnownFileType = sourcecode.swift; path = "UIView+.swift"; sourceTree = "<group>"; };
		1BD743BA2BCBD9F900AD9EB3 /* CodeOnlyViewController.swift */ = {isa = PBXFileReference; lastKnownFileType = sourcecode.swift; path = CodeOnlyViewController.swift; sourceTree = "<group>"; };
		1BD743BC2BCBE05E00AD9EB3 /* UIImageView+.swift */ = {isa = PBXFileReference; lastKnownFileType = sourcecode.swift; path = "UIImageView+.swift"; sourceTree = "<group>"; };
/* End PBXFileReference section */

/* Begin PBXFrameworksBuildPhase section */
		1BB5DC252BCBA9210053FA99 /* Frameworks */ = {
			isa = PBXFrameworksBuildPhase;
			buildActionMask = 2147483647;
			files = (
				1BD743AB2BCBB05A00AD9EB3 /* SnapKit in Frameworks */,
				1BD743AD2BCBB05A00AD9EB3 /* SnapKit-Dynamic in Frameworks */,
			);
			runOnlyForDeploymentPostprocessing = 0;
		};
/* End PBXFrameworksBuildPhase section */

/* Begin PBXGroup section */
		1BB5DC1F2BCBA9210053FA99 = {
			isa = PBXGroup;
			children = (
				1BB5DC2A2BCBA9210053FA99 /* ViewDidLoadWidth */,
				1BB5DC292BCBA9210053FA99 /* Products */,
			);
			sourceTree = "<group>";
		};
		1BB5DC292BCBA9210053FA99 /* Products */ = {
			isa = PBXGroup;
			children = (
				1BB5DC282BCBA9210053FA99 /* ViewDidLoadWidth.app */,
			);
			name = Products;
			sourceTree = "<group>";
		};
		1BB5DC2A2BCBA9210053FA99 /* ViewDidLoadWidth */ = {
			isa = PBXGroup;
			children = (
				1BB5DC2F2BCBA9210053FA99 /* MainViewController.swift */,
				1BD743B22BCBD46700AD9EB3 /* Main.storyboard */,
				1BD743AE2BCBD43400AD9EB3 /* SecondViewController.swift */,
				1BD743AF2BCBD43400AD9EB3 /* SecondViewController.xib */,
				1BD743BA2BCBD9F900AD9EB3 /* CodeOnlyViewController.swift */,
				1BD743B52BCBD8A000AD9EB3 /* HomeBottomSheetView.swift */,
				1BB5DC392BCBA9230053FA99 /* Info.plist */,
				1BD743B72BCBD99500AD9EB3 /* Extensions */,
				1BD743B42BCBD88700AD9EB3 /* Resources */,
			);
			path = ViewDidLoadWidth;
			sourceTree = "<group>";
		};
		1BD743B42BCBD88700AD9EB3 /* Resources */ = {
			isa = PBXGroup;
			children = (
				1BB5DC342BCBA9230053FA99 /* Assets.xcassets */,
				1BB5DC362BCBA9230053FA99 /* LaunchScreen.storyboard */,
				1BB5DC2B2BCBA9210053FA99 /* AppDelegate.swift */,
				1BB5DC2D2BCBA9210053FA99 /* SceneDelegate.swift */,
			);
			path = Resources;
			sourceTree = "<group>";
		};
		1BD743B72BCBD99500AD9EB3 /* Extensions */ = {
			isa = PBXGroup;
			children = (
				1BD743B82BCBD9A600AD9EB3 /* UIView+.swift */,
				1BD743BC2BCBE05E00AD9EB3 /* UIImageView+.swift */,
			);
			path = Extensions;
			sourceTree = "<group>";
		};
/* End PBXGroup section */

/* Begin PBXNativeTarget section */
		1BB5DC272BCBA9210053FA99 /* ViewDidLoadWidth */ = {
			isa = PBXNativeTarget;
			buildConfigurationList = 1BB5DC3C2BCBA9230053FA99 /* Build configuration list for PBXNativeTarget "ViewDidLoadWidth" */;
			buildPhases = (
				1BB5DC242BCBA9210053FA99 /* Sources */,
				1BB5DC252BCBA9210053FA99 /* Frameworks */,
				1BB5DC262BCBA9210053FA99 /* Resources */,
			);
			buildRules = (
			);
			dependencies = (
			);
			name = ViewDidLoadWidth;
			packageProductDependencies = (
				1BD743AA2BCBB05A00AD9EB3 /* SnapKit */,
				1BD743AC2BCBB05A00AD9EB3 /* SnapKit-Dynamic */,
			);
			productName = ViewDidLoadWidth;
			productReference = 1BB5DC282BCBA9210053FA99 /* ViewDidLoadWidth.app */;
			productType = "com.apple.product-type.application";
		};
/* End PBXNativeTarget section */

/* Begin PBXProject section */
		1BB5DC202BCBA9210053FA99 /* Project object */ = {
			isa = PBXProject;
			attributes = {
				BuildIndependentTargetsInParallel = 1;
				LastSwiftUpdateCheck = 1500;
				LastUpgradeCheck = 1500;
				TargetAttributes = {
					1BB5DC272BCBA9210053FA99 = {
						CreatedOnToolsVersion = 15.0.1;
					};
				};
			};
			buildConfigurationList = 1BB5DC232BCBA9210053FA99 /* Build configuration list for PBXProject "ViewDidLoadWidth" */;
			compatibilityVersion = "Xcode 14.0";
			developmentRegion = en;
			hasScannedForEncodings = 0;
			knownRegions = (
				en,
				Base,
			);
			mainGroup = 1BB5DC1F2BCBA9210053FA99;
			packageReferences = (
				1BD743A92BCBB05A00AD9EB3 /* XCRemoteSwiftPackageReference "SnapKit" */,
			);
			productRefGroup = 1BB5DC292BCBA9210053FA99 /* Products */;
			projectDirPath = "";
			projectRoot = "";
			targets = (
				1BB5DC272BCBA9210053FA99 /* ViewDidLoadWidth */,
			);
		};
/* End PBXProject section */

/* Begin PBXResourcesBuildPhase section */
		1BB5DC262BCBA9210053FA99 /* Resources */ = {
			isa = PBXResourcesBuildPhase;
			buildActionMask = 2147483647;
			files = (
				1BD743B32BCBD46700AD9EB3 /* Main.storyboard in Resources */,
				1BD743B12BCBD43400AD9EB3 /* SecondViewController.xib in Resources */,
				1BB5DC382BCBA9230053FA99 /* LaunchScreen.storyboard in Resources */,
				1BB5DC352BCBA9230053FA99 /* Assets.xcassets in Resources */,
			);
			runOnlyForDeploymentPostprocessing = 0;
		};
/* End PBXResourcesBuildPhase section */

/* Begin PBXSourcesBuildPhase section */
		1BB5DC242BCBA9210053FA99 /* Sources */ = {
			isa = PBXSourcesBuildPhase;
			buildActionMask = 2147483647;
			files = (
				1BD743B92BCBD9A600AD9EB3 /* UIView+.swift in Sources */,
				1BD743B62BCBD8A000AD9EB3 /* HomeBottomSheetView.swift in Sources */,
				1BD743BB2BCBD9F900AD9EB3 /* CodeOnlyViewController.swift in Sources */,
				1BD743B02BCBD43400AD9EB3 /* SecondViewController.swift in Sources */,
				1BD743BD2BCBE05E00AD9EB3 /* UIImageView+.swift in Sources */,
				1BB5DC302BCBA9210053FA99 /* MainViewController.swift in Sources */,
				1BB5DC2C2BCBA9210053FA99 /* AppDelegate.swift in Sources */,
				1BB5DC2E2BCBA9210053FA99 /* SceneDelegate.swift in Sources */,
			);
			runOnlyForDeploymentPostprocessing = 0;
		};
/* End PBXSourcesBuildPhase section */

/* Begin PBXVariantGroup section */
		1BB5DC362BCBA9230053FA99 /* LaunchScreen.storyboard */ = {
			isa = PBXVariantGroup;
			children = (
				1BB5DC372BCBA9230053FA99 /* Base */,
			);
			name = LaunchScreen.storyboard;
			sourceTree = "<group>";
		};
/* End PBXVariantGroup section */

/* Begin XCBuildConfiguration section */
		1BB5DC3A2BCBA9230053FA99 /* Debug */ = {
			isa = XCBuildConfiguration;
			buildSettings = {
				ALWAYS_SEARCH_USER_PATHS = NO;
				ASSETCATALOG_COMPILER_GENERATE_SWIFT_ASSET_SYMBOL_EXTENSIONS = YES;
				CLANG_ANALYZER_NONNULL = YES;
				CLANG_ANALYZER_NUMBER_OBJECT_CONVERSION = YES_AGGRESSIVE;
				CLANG_CXX_LANGUAGE_STANDARD = "gnu++20";
				CLANG_ENABLE_MODULES = YES;
				CLANG_ENABLE_OBJC_ARC = YES;
				CLANG_ENABLE_OBJC_WEAK = YES;
				CLANG_WARN_BLOCK_CAPTURE_AUTORELEASING = YES;
				CLANG_WARN_BOOL_CONVERSION = YES;
				CLANG_WARN_COMMA = YES;
				CLANG_WARN_CONSTANT_CONVERSION = YES;
				CLANG_WARN_DEPRECATED_OBJC_IMPLEMENTATIONS = YES;
				CLANG_WARN_DIRECT_OBJC_ISA_USAGE = YES_ERROR;
				CLANG_WARN_DOCUMENTATION_COMMENTS = YES;
				CLANG_WARN_EMPTY_BODY = YES;
				CLANG_WARN_ENUM_CONVERSION = YES;
				CLANG_WARN_INFINITE_RECURSION = YES;
				CLANG_WARN_INT_CONVERSION = YES;
				CLANG_WARN_NON_LITERAL_NULL_CONVERSION = YES;
				CLANG_WARN_OBJC_IMPLICIT_RETAIN_SELF = YES;
				CLANG_WARN_OBJC_LITERAL_CONVERSION = YES;
				CLANG_WARN_OBJC_ROOT_CLASS = YES_ERROR;
				CLANG_WARN_QUOTED_INCLUDE_IN_FRAMEWORK_HEADER = YES;
				CLANG_WARN_RANGE_LOOP_ANALYSIS = YES;
				CLANG_WARN_STRICT_PROTOTYPES = YES;
				CLANG_WARN_SUSPICIOUS_MOVE = YES;
				CLANG_WARN_UNGUARDED_AVAILABILITY = YES_AGGRESSIVE;
				CLANG_WARN_UNREACHABLE_CODE = YES;
				CLANG_WARN__DUPLICATE_METHOD_MATCH = YES;
				COPY_PHASE_STRIP = NO;
				DEBUG_INFORMATION_FORMAT = dwarf;
				ENABLE_STRICT_OBJC_MSGSEND = YES;
				ENABLE_TESTABILITY = YES;
				ENABLE_USER_SCRIPT_SANDBOXING = YES;
				GCC_C_LANGUAGE_STANDARD = gnu17;
				GCC_DYNAMIC_NO_PIC = NO;
				GCC_NO_COMMON_BLOCKS = YES;
				GCC_OPTIMIZATION_LEVEL = 0;
				GCC_PREPROCESSOR_DEFINITIONS = (
					"DEBUG=1",
					"$(inherited)",
				);
				GCC_WARN_64_TO_32_BIT_CONVERSION = YES;
				GCC_WARN_ABOUT_RETURN_TYPE = YES_ERROR;
				GCC_WARN_UNDECLARED_SELECTOR = YES;
				GCC_WARN_UNINITIALIZED_AUTOS = YES_AGGRESSIVE;
				GCC_WARN_UNUSED_FUNCTION = YES;
				GCC_WARN_UNUSED_VARIABLE = YES;
				IPHONEOS_DEPLOYMENT_TARGET = 15.0;
				LOCALIZATION_PREFERS_STRING_CATALOGS = YES;
				MTL_ENABLE_DEBUG_INFO = INCLUDE_SOURCE;
				MTL_FAST_MATH = YES;
				ONLY_ACTIVE_ARCH = YES;
				SDKROOT = iphoneos;
				SWIFT_ACTIVE_COMPILATION_CONDITIONS = "DEBUG $(inherited)";
				SWIFT_OPTIMIZATION_LEVEL = "-Onone";
			};
			name = Debug;
		};
		1BB5DC3B2BCBA9230053FA99 /* Release */ = {
			isa = XCBuildConfiguration;
			buildSettings = {
				ALWAYS_SEARCH_USER_PATHS = NO;
				ASSETCATALOG_COMPILER_GENERATE_SWIFT_ASSET_SYMBOL_EXTENSIONS = YES;
				CLANG_ANALYZER_NONNULL = YES;
				CLANG_ANALYZER_NUMBER_OBJECT_CONVERSION = YES_AGGRESSIVE;
				CLANG_CXX_LANGUAGE_STANDARD = "gnu++20";
				CLANG_ENABLE_MODULES = YES;
				CLANG_ENABLE_OBJC_ARC = YES;
				CLANG_ENABLE_OBJC_WEAK = YES;
				CLANG_WARN_BLOCK_CAPTURE_AUTORELEASING = YES;
				CLANG_WARN_BOOL_CONVERSION = YES;
				CLANG_WARN_COMMA = YES;
				CLANG_WARN_CONSTANT_CONVERSION = YES;
				CLANG_WARN_DEPRECATED_OBJC_IMPLEMENTATIONS = YES;
				CLANG_WARN_DIRECT_OBJC_ISA_USAGE = YES_ERROR;
				CLANG_WARN_DOCUMENTATION_COMMENTS = YES;
				CLANG_WARN_EMPTY_BODY = YES;
				CLANG_WARN_ENUM_CONVERSION = YES;
				CLANG_WARN_INFINITE_RECURSION = YES;
				CLANG_WARN_INT_CONVERSION = YES;
				CLANG_WARN_NON_LITERAL_NULL_CONVERSION = YES;
				CLANG_WARN_OBJC_IMPLICIT_RETAIN_SELF = YES;
				CLANG_WARN_OBJC_LITERAL_CONVERSION = YES;
				CLANG_WARN_OBJC_ROOT_CLASS = YES_ERROR;
				CLANG_WARN_QUOTED_INCLUDE_IN_FRAMEWORK_HEADER = YES;
				CLANG_WARN_RANGE_LOOP_ANALYSIS = YES;
				CLANG_WARN_STRICT_PROTOTYPES = YES;
				CLANG_WARN_SUSPICIOUS_MOVE = YES;
				CLANG_WARN_UNGUARDED_AVAILABILITY = YES_AGGRESSIVE;
				CLANG_WARN_UNREACHABLE_CODE = YES;
				CLANG_WARN__DUPLICATE_METHOD_MATCH = YES;
				COPY_PHASE_STRIP = NO;
				DEBUG_INFORMATION_FORMAT = "dwarf-with-dsym";
				ENABLE_NS_ASSERTIONS = NO;
				ENABLE_STRICT_OBJC_MSGSEND = YES;
				ENABLE_USER_SCRIPT_SANDBOXING = YES;
				GCC_C_LANGUAGE_STANDARD = gnu17;
				GCC_NO_COMMON_BLOCKS = YES;
				GCC_WARN_64_TO_32_BIT_CONVERSION = YES;
				GCC_WARN_ABOUT_RETURN_TYPE = YES_ERROR;
				GCC_WARN_UNDECLARED_SELECTOR = YES;
				GCC_WARN_UNINITIALIZED_AUTOS = YES_AGGRESSIVE;
				GCC_WARN_UNUSED_FUNCTION = YES;
				GCC_WARN_UNUSED_VARIABLE = YES;
				IPHONEOS_DEPLOYMENT_TARGET = 15.0;
				LOCALIZATION_PREFERS_STRING_CATALOGS = YES;
				MTL_ENABLE_DEBUG_INFO = NO;
				MTL_FAST_MATH = YES;
				SDKROOT = iphoneos;
				SWIFT_COMPILATION_MODE = wholemodule;
				VALIDATE_PRODUCT = YES;
			};
			name = Release;
		};
		1BB5DC3D2BCBA9230053FA99 /* Debug */ = {
			isa = XCBuildConfiguration;
			buildSettings = {
				ASSETCATALOG_COMPILER_APPICON_NAME = AppIcon;
				ASSETCATALOG_COMPILER_GLOBAL_ACCENT_COLOR_NAME = AccentColor;
				CODE_SIGN_STYLE = Automatic;
				CURRENT_PROJECT_VERSION = 1;
				DEVELOPMENT_TEAM = XD7KFVM4LP;
				GENERATE_INFOPLIST_FILE = YES;
				INFOPLIST_FILE = ViewDidLoadWidth/Info.plist;
				INFOPLIST_KEY_UIApplicationSupportsIndirectInputEvents = YES;
				INFOPLIST_KEY_UILaunchStoryboardName = LaunchScreen;
				INFOPLIST_KEY_UIMainStoryboardFile = Main;
				INFOPLIST_KEY_UISupportedInterfaceOrientations_iPad = "UIInterfaceOrientationPortrait UIInterfaceOrientationPortraitUpsideDown UIInterfaceOrientationLandscapeLeft UIInterfaceOrientationLandscapeRight";
				INFOPLIST_KEY_UISupportedInterfaceOrientations_iPhone = "UIInterfaceOrientationPortrait UIInterfaceOrientationLandscapeLeft UIInterfaceOrientationLandscapeRight";
				LD_RUNPATH_SEARCH_PATHS = (
					"$(inherited)",
					"@executable_path/Frameworks",
				);
				MARKETING_VERSION = 1.0;
				PRODUCT_BUNDLE_IDENTIFIER = com.liah.ViewDidLoadWidth;
				PRODUCT_NAME = "$(TARGET_NAME)";
				SWIFT_EMIT_LOC_STRINGS = YES;
				SWIFT_VERSION = 5.0;
				TARGETED_DEVICE_FAMILY = "1,2";
			};
			name = Debug;
		};
		1BB5DC3E2BCBA9230053FA99 /* Release */ = {
			isa = XCBuildConfiguration;
			buildSettings = {
				ASSETCATALOG_COMPILER_APPICON_NAME = AppIcon;
				ASSETCATALOG_COMPILER_GLOBAL_ACCENT_COLOR_NAME = AccentColor;
				CODE_SIGN_STYLE = Automatic;
				CURRENT_PROJECT_VERSION = 1;
				DEVELOPMENT_TEAM = XD7KFVM4LP;
				GENERATE_INFOPLIST_FILE = YES;
				INFOPLIST_FILE = ViewDidLoadWidth/Info.plist;
				INFOPLIST_KEY_UIApplicationSupportsIndirectInputEvents = YES;
				INFOPLIST_KEY_UILaunchStoryboardName = LaunchScreen;
				INFOPLIST_KEY_UIMainStoryboardFile = Main;
				INFOPLIST_KEY_UISupportedInterfaceOrientations_iPad = "UIInterfaceOrientationPortrait UIInterfaceOrientationPortraitUpsideDown UIInterfaceOrientationLandscapeLeft UIInterfaceOrientationLandscapeRight";
				INFOPLIST_KEY_UISupportedInterfaceOrientations_iPhone = "UIInterfaceOrientationPortrait UIInterfaceOrientationLandscapeLeft UIInterfaceOrientationLandscapeRight";
				LD_RUNPATH_SEARCH_PATHS = (
					"$(inherited)",
					"@executable_path/Frameworks",
				);
				MARKETING_VERSION = 1.0;
				PRODUCT_BUNDLE_IDENTIFIER = com.liah.ViewDidLoadWidth;
				PRODUCT_NAME = "$(TARGET_NAME)";
				SWIFT_EMIT_LOC_STRINGS = YES;
				SWIFT_VERSION = 5.0;
				TARGETED_DEVICE_FAMILY = "1,2";
			};
			name = Release;
		};
/* End XCBuildConfiguration section */

/* Begin XCConfigurationList section */
		1BB5DC232BCBA9210053FA99 /* Build configuration list for PBXProject "ViewDidLoadWidth" */ = {
			isa = XCConfigurationList;
			buildConfigurations = (
				1BB5DC3A2BCBA9230053FA99 /* Debug */,
				1BB5DC3B2BCBA9230053FA99 /* Release */,
			);
			defaultConfigurationIsVisible = 0;
			defaultConfigurationName = Release;
		};
		1BB5DC3C2BCBA9230053FA99 /* Build configuration list for PBXNativeTarget "ViewDidLoadWidth" */ = {
			isa = XCConfigurationList;
			buildConfigurations = (
				1BB5DC3D2BCBA9230053FA99 /* Debug */,
				1BB5DC3E2BCBA9230053FA99 /* Release */,
			);
			defaultConfigurationIsVisible = 0;
			defaultConfigurationName = Release;
		};
/* End XCConfigurationList section */

/* Begin XCRemoteSwiftPackageReference section */
		1BD743A92BCBB05A00AD9EB3 /* XCRemoteSwiftPackageReference "SnapKit" */ = {
			isa = XCRemoteSwiftPackageReference;
			repositoryURL = "https://github.com/SnapKit/SnapKit.git";
			requirement = {
				kind = upToNextMajorVersion;
				minimumVersion = 5.7.1;
			};
		};
/* End XCRemoteSwiftPackageReference section */

/* Begin XCSwiftPackageProductDependency section */
		1BD743AA2BCBB05A00AD9EB3 /* SnapKit */ = {
			isa = XCSwiftPackageProductDependency;
			package = 1BD743A92BCBB05A00AD9EB3 /* XCRemoteSwiftPackageReference "SnapKit" */;
			productName = SnapKit;
		};
		1BD743AC2BCBB05A00AD9EB3 /* SnapKit-Dynamic */ = {
			isa = XCSwiftPackageProductDependency;
			package = 1BD743A92BCBB05A00AD9EB3 /* XCRemoteSwiftPackageReference "SnapKit" */;
			productName = "SnapKit-Dynamic";
		};
/* End XCSwiftPackageProductDependency section */
	};
	rootObject = 1BB5DC202BCBA9210053FA99 /* Project object */;
}
