// !$*UTF8*$!
{
	archiveVersion = 1;
	classes = {
	};
	objectVersion = 77;
	objects = {

/* Begin PBXBuildFile section */
		3656C6FE2F0108C1001B8A6F /* AppRootView.swift in Sources */ = {isa = PBXBuildFile; fileRef = 3656C6FD2F0108C0001B8A6F /* AppRootView.swift */; };
		36B278562F00D0FC00ECB7D3 /* Preview Assets.xcassets in Resources */ = {isa = PBXBuildFile; fileRef = 36B2784F2F00D0FC00ECB7D3 /* Preview Assets.xcassets */; };
		36B278572F00D0FC00ECB7D3 /* Assets.xcassets in Resources */ = {isa = PBXBuildFile; fileRef = 36B278512F00D0FC00ECB7D3 /* Assets.xcassets */; };
		36B278582F00D0FC00ECB7D3 /* ContentView.swift in Sources */ = {isa = PBXBuildFile; fileRef = 36B278522F00D0FC00ECB7D3 /* ContentView.swift */; };
		36B278592F00D0FC00ECB7D3 /* AppSettingsEntity.swift in Sources */ = {isa = PBXBuildFile; fileRef = 36B278532F00D0FC00ECB7D3 /* AppSettingsEntity.swift */; };
		36B2785A2F00D0FC00ECB7D3 /* LocaleApp.swift in Sources */ = {isa = PBXBuildFile; fileRef = 36B278542F00D0FC00ECB7D3 /* LocaleApp.swift */; };
		36B278622F00D59100ECB7D3 /* Localizable.xcstrings in Resources */ = {isa = PBXBuildFile; fileRef = 36B278612F00D59100ECB7D3 /* Localizable.xcstrings */; };
		36B278642F00ED9C00ECB7D3 /* LanguageOptions.swift in Sources */ = {isa = PBXBuildFile; fileRef = 36B278632F00ED9600ECB7D3 /* LanguageOptions.swift */; };
/* End PBXBuildFile section */

/* Begin PBXFileReference section */
		3656C6FD2F0108C0001B8A6F /* AppRootView.swift */ = {isa = PBXFileReference; lastKnownFileType = sourcecode.swift; path = AppRootView.swift; sourceTree = "<group>"; };
		36B2783C2F00D0C200ECB7D3 /* Locale.app */ = {isa = PBXFileReference; explicitFileType = wrapper.application; includeInIndex = 0; path = Locale.app; sourceTree = BUILT_PRODUCTS_DIR; };
		36B2784F2F00D0FC00ECB7D3 /* Preview Assets.xcassets */ = {isa = PBXFileReference; lastKnownFileType = folder.assetcatalog; path = "Preview Assets.xcassets"; sourceTree = "<group>"; };
		36B278512F00D0FC00ECB7D3 /* Assets.xcassets */ = {isa = PBXFileReference; lastKnownFileType = folder.assetcatalog; path = Assets.xcassets; sourceTree = "<group>"; };
		36B278522F00D0FC00ECB7D3 /* ContentView.swift */ = {isa = PBXFileReference; lastKnownFileType = sourcecode.swift; path = ContentView.swift; sourceTree = "<group>"; };
		36B278532F00D0FC00ECB7D3 /* AppSettingsEntity.swift */ = {isa = PBXFileReference; lastKnownFileType = sourcecode.swift; path = AppSettingsEntity.swift; sourceTree = "<group>"; };
		36B278542F00D0FC00ECB7D3 /* LocaleApp.swift */ = {isa = PBXFileReference; lastKnownFileType = sourcecode.swift; path = LocaleApp.swift; sourceTree = "<group>"; };
		36B278612F00D59100ECB7D3 /* Localizable.xcstrings */ = {isa = PBXFileReference; lastKnownFileType = text.json.xcstrings; path = Localizable.xcstrings; sourceTree = "<group>"; };
		36B278632F00ED9600ECB7D3 /* LanguageOptions.swift */ = {isa = PBXFileReference; lastKnownFileType = sourcecode.swift; path = LanguageOptions.swift; sourceTree = "<group>"; };
/* End PBXFileReference section */

/* Begin PBXFrameworksBuildPhase section */
		36B278392F00D0C200ECB7D3 /* Frameworks */ = {
			isa = PBXFrameworksBuildPhase;
			buildActionMask = 2147483647;
			files = (
			);
			runOnlyForDeploymentPostprocessing = 0;
		};
/* End PBXFrameworksBuildPhase section */

/* Begin PBXGroup section */
		36B278332F00D0C200ECB7D3 = {
			isa = PBXGroup;
			children = (
				36B278552F00D0FC00ECB7D3 /* Locale */,
				36B2783D2F00D0C200ECB7D3 /* Products */,
			);
			sourceTree = "<group>";
		};
		36B2783D2F00D0C200ECB7D3 /* Products */ = {
			isa = PBXGroup;
			children = (
				36B2783C2F00D0C200ECB7D3 /* Locale.app */,
			);
			name = Products;
			sourceTree = "<group>";
		};
		36B278502F00D0FC00ECB7D3 /* Preview Content */ = {
			isa = PBXGroup;
			children = (
				36B2784F2F00D0FC00ECB7D3 /* Preview Assets.xcassets */,
				36B278512F00D0FC00ECB7D3 /* Assets.xcassets */,
			);
			path = "Preview Content";
			sourceTree = "<group>";
		};
		36B278552F00D0FC00ECB7D3 /* Locale */ = {
			isa = PBXGroup;
			children = (
				36B278502F00D0FC00ECB7D3 /* Preview Content */,
				36B278542F00D0FC00ECB7D3 /* LocaleApp.swift */,
				3656C6FD2F0108C0001B8A6F /* AppRootView.swift */,
				36B278522F00D0FC00ECB7D3 /* ContentView.swift */,
				36B278532F00D0FC00ECB7D3 /* AppSettingsEntity.swift */,
				36B278632F00ED9600ECB7D3 /* LanguageOptions.swift */,
				36B278612F00D59100ECB7D3 /* Localizable.xcstrings */,
			);
			path = Locale;
			sourceTree = "<group>";
		};
/* End PBXGroup section */

/* Begin PBXNativeTarget section */
		36B2783B2F00D0C200ECB7D3 /* Locale */ = {
			isa = PBXNativeTarget;
			buildConfigurationList = 36B2784C2F00D0C400ECB7D3 /* Build configuration list for PBXNativeTarget "Locale" */;
			buildPhases = (
				36B278382F00D0C200ECB7D3 /* Sources */,
				36B278392F00D0C200ECB7D3 /* Frameworks */,
				36B2783A2F00D0C200ECB7D3 /* Resources */,
			);
			buildRules = (
			);
			dependencies = (
			);
			name = Locale;
			packageProductDependencies = (
			);
			productName = Locale;
			productReference = 36B2783C2F00D0C200ECB7D3 /* Locale.app */;
			productType = "com.apple.product-type.application";
		};
/* End PBXNativeTarget section */

/* Begin PBXProject section */
		36B278342F00D0C200ECB7D3 /* Project object */ = {
			isa = PBXProject;
			attributes = {
				BuildIndependentTargetsInParallel = 1;
				LastSwiftUpdateCheck = 1620;
				LastUpgradeCheck = 1620;
				TargetAttributes = {
					36B2783B2F00D0C200ECB7D3 = {
						CreatedOnToolsVersion = 16.2;
					};
				};
			};
			buildConfigurationList = 36B278372F00D0C200ECB7D3 /* Build configuration list for PBXProject "Locale" */;
			developmentRegion = ko;
			hasScannedForEncodings = 0;
			knownRegions = (
				en,
				Base,
				ko,
			);
			mainGroup = 36B278332F00D0C200ECB7D3;
			minimizedProjectReferenceProxies = 1;
			preferredProjectObjectVersion = 77;
			productRefGroup = 36B2783D2F00D0C200ECB7D3 /* Products */;
			projectDirPath = "";
			projectRoot = "";
			targets = (
				36B2783B2F00D0C200ECB7D3 /* Locale */,
			);
		};
/* End PBXProject section */

/* Begin PBXResourcesBuildPhase section */
		36B2783A2F00D0C200ECB7D3 /* Resources */ = {
			isa = PBXResourcesBuildPhase;
			buildActionMask = 2147483647;
			files = (
				36B278562F00D0FC00ECB7D3 /* Preview Assets.xcassets in Resources */,
				36B278572F00D0FC00ECB7D3 /* Assets.xcassets in Resources */,
				36B278622F00D59100ECB7D3 /* Localizable.xcstrings in Resources */,
			);
			runOnlyForDeploymentPostprocessing = 0;
		};
/* End PBXResourcesBuildPhase section */

/* Begin PBXSourcesBuildPhase section */
		36B278382F00D0C200ECB7D3 /* Sources */ = {
			isa = PBXSourcesBuildPhase;
			buildActionMask = 2147483647;
			files = (
				36B278582F00D0FC00ECB7D3 /* ContentView.swift in Sources */,
				36B278592F00D0FC00ECB7D3 /* AppSettingsEntity.swift in Sources */,
				36B278642F00ED9C00ECB7D3 /* LanguageOptions.swift in Sources */,
				36B2785A2F00D0FC00ECB7D3 /* LocaleApp.swift in Sources */,
				3656C6FE2F0108C1001B8A6F /* AppRootView.swift in Sources */,
			);
			runOnlyForDeploymentPostprocessing = 0;
		};
/* End PBXSourcesBuildPhase section */

/* Begin XCBuildConfiguration section */
		36B2784A2F00D0C400ECB7D3 /* Debug */ = {
			isa = XCBuildConfiguration;
			buildSettings = {
				ALWAYS_SEARCH_USER_PATHS = NO;
				ASSETCATALOG_COMPILER_GENERATE_SWIFT_ASSET_SYMBOL_EXTENSIONS = YES;
				CLANG_ANALYZER_NONNULL = YES;
				CLANG_ANALYZER_NUMBER_OBJECT_CONVERSION = YES_AGGRESSIVE;
				CLANG_CXX_LANGUAGE_STANDARD = "gnu++20";
				CLANG_ENABLE_MODULES = YES;
				CLANG_ENABLE_OBJC_ARC = YES;
				CLANG_ENABLE_OBJC_WEAK = YES;
				CLANG_WARN_BLOCK_CAPTURE_AUTORELEASING = YES;
				CLANG_WARN_BOOL_CONVERSION = YES;
				CLANG_WARN_COMMA = YES;
				CLANG_WARN_CONSTANT_CONVERSION = YES;
				CLANG_WARN_DEPRECATED_OBJC_IMPLEMENTATIONS = YES;
				CLANG_WARN_DIRECT_OBJC_ISA_USAGE = YES_ERROR;
				CLANG_WARN_DOCUMENTATION_COMMENTS = YES;
				CLANG_WARN_EMPTY_BODY = YES;
				CLANG_WARN_ENUM_CONVERSION = YES;
				CLANG_WARN_INFINITE_RECURSION = YES;
				CLANG_WARN_INT_CONVERSION = YES;
				CLANG_WARN_NON_LITERAL_NULL_CONVERSION = YES;
				CLANG_WARN_OBJC_IMPLICIT_RETAIN_SELF = YES;
				CLANG_WARN_OBJC_LITERAL_CONVERSION = YES;
				CLANG_WARN_OBJC_ROOT_CLASS = YES_ERROR;
				CLANG_WARN_QUOTED_INCLUDE_IN_FRAMEWORK_HEADER = YES;
				CLANG_WARN_RANGE_LOOP_ANALYSIS = YES;
				CLANG_WARN_STRICT_PROTOTYPES = YES;
				CLANG_WARN_SUSPICIOUS_MOVE = YES;
				CLANG_WARN_UNGUARDED_AVAILABILITY = YES_AGGRESSIVE;
				CLANG_WARN_UNREACHABLE_CODE = YES;
				CLANG_WARN__DUPLICATE_METHOD_MATCH = YES;
				COPY_PHASE_STRIP = NO;
				DEBUG_INFORMATION_FORMAT = dwarf;
				ENABLE_STRICT_OBJC_MSGSEND = YES;
				ENABLE_TESTABILITY = YES;
				ENABLE_USER_SCRIPT_SANDBOXING = YES;
				GCC_C_LANGUAGE_STANDARD = gnu17;
				GCC_DYNAMIC_NO_PIC = NO;
				GCC_NO_COMMON_BLOCKS = YES;
				GCC_OPTIMIZATION_LEVEL = 0;
				GCC_PREPROCESSOR_DEFINITIONS = (
					"DEBUG=1",
					"$(inherited)",
				);
				GCC_WARN_64_TO_32_BIT_CONVERSION = YES;
				GCC_WARN_ABOUT_RETURN_TYPE = YES_ERROR;
				GCC_WARN_UNDECLARED_SELECTOR = YES;
				GCC_WARN_UNINITIALIZED_AUTOS = YES_AGGRESSIVE;
				GCC_WARN_UNUSED_FUNCTION = YES;
				GCC_WARN_UNUSED_VARIABLE = YES;
				IPHONEOS_DEPLOYMENT_TARGET = 18.2;
				LOCALIZATION_PREFERS_STRING_CATALOGS = YES;
				MTL_ENABLE_DEBUG_INFO = INCLUDE_SOURCE;
				MTL_FAST_MATH = YES;
				ONLY_ACTIVE_ARCH = YES;
				SDKROOT = iphoneos;
				SWIFT_ACTIVE_COMPILATION_CONDITIONS = "DEBUG $(inherited)";
				SWIFT_EMIT_LOC_STRINGS = YES;
				SWIFT_OPTIMIZATION_LEVEL = "-Onone";
			};
			name = Debug;
		};
		36B2784B2F00D0C400ECB7D3 /* Release */ = {
			isa = XCBuildConfiguration;
			buildSettings = {
				ALWAYS_SEARCH_USER_PATHS = NO;
				ASSETCATALOG_COMPILER_GENERATE_SWIFT_ASSET_SYMBOL_EXTENSIONS = YES;
				CLANG_ANALYZER_NONNULL = YES;
				CLANG_ANALYZER_NUMBER_OBJECT_CONVERSION = YES_AGGRESSIVE;
				CLANG_CXX_LANGUAGE_STANDARD = "gnu++20";
				CLANG_ENABLE_MODULES = YES;
				CLANG_ENABLE_OBJC_ARC = YES;
				CLANG_ENABLE_OBJC_WEAK = YES;
				CLANG_WARN_BLOCK_CAPTURE_AUTORELEASING = YES;
				CLANG_WARN_BOOL_CONVERSION = YES;
				CLANG_WARN_COMMA = YES;
				CLANG_WARN_CONSTANT_CONVERSION = YES;
				CLANG_WARN_DEPRECATED_OBJC_IMPLEMENTATIONS = YES;
				CLANG_WARN_DIRECT_OBJC_ISA_USAGE = YES_ERROR;
				CLANG_WARN_DOCUMENTATION_COMMENTS = YES;
				CLANG_WARN_EMPTY_BODY = YES;
				CLANG_WARN_ENUM_CONVERSION = YES;
				CLANG_WARN_INFINITE_RECURSION = YES;
				CLANG_WARN_INT_CONVERSION = YES;
				CLANG_WARN_NON_LITERAL_NULL_CONVERSION = YES;
				CLANG_WARN_OBJC_IMPLICIT_RETAIN_SELF = YES;
				CLANG_WARN_OBJC_LITERAL_CONVERSION = YES;
				CLANG_WARN_OBJC_ROOT_CLASS = YES_ERROR;
				CLANG_WARN_QUOTED_INCLUDE_IN_FRAMEWORK_HEADER = YES;
				CLANG_WARN_RANGE_LOOP_ANALYSIS = YES;
				CLANG_WARN_STRICT_PROTOTYPES = YES;
				CLANG_WARN_SUSPICIOUS_MOVE = YES;
				CLANG_WARN_UNGUARDED_AVAILABILITY = YES_AGGRESSIVE;
				CLANG_WARN_UNREACHABLE_CODE = YES;
				CLANG_WARN__DUPLICATE_METHOD_MATCH = YES;
				COPY_PHASE_STRIP = NO;
				DEBUG_INFORMATION_FORMAT = "dwarf-with-dsym";
				ENABLE_NS_ASSERTIONS = NO;
				ENABLE_STRICT_OBJC_MSGSEND = YES;
				ENABLE_USER_SCRIPT_SANDBOXING = YES;
				GCC_C_LANGUAGE_STANDARD = gnu17;
				GCC_NO_COMMON_BLOCKS = YES;
				GCC_WARN_64_TO_32_BIT_CONVERSION = YES;
				GCC_WARN_ABOUT_RETURN_TYPE = YES_ERROR;
				GCC_WARN_UNDECLARED_SELECTOR = YES;
				GCC_WARN_UNINITIALIZED_AUTOS = YES_AGGRESSIVE;
				GCC_WARN_UNUSED_FUNCTION = YES;
				GCC_WARN_UNUSED_VARIABLE = YES;
				IPHONEOS_DEPLOYMENT_TARGET = 18.2;
				LOCALIZATION_PREFERS_STRING_CATALOGS = YES;
				MTL_ENABLE_DEBUG_INFO = NO;
				MTL_FAST_MATH = YES;
				SDKROOT = iphoneos;
				SWIFT_COMPILATION_MODE = wholemodule;
				SWIFT_EMIT_LOC_STRINGS = YES;
				VALIDATE_PRODUCT = YES;
			};
			name = Release;
		};
		36B2784D2F00D0C400ECB7D3 /* Debug */ = {
			isa = XCBuildConfiguration;
			buildSettings = {
				ASSETCATALOG_COMPILER_APPICON_NAME = AppIcon;
				ASSETCATALOG_COMPILER_GLOBAL_ACCENT_COLOR_NAME = AccentColor;
				CODE_SIGN_STYLE = Automatic;
				CURRENT_PROJECT_VERSION = 1;
				DEVELOPMENT_ASSET_PATHS = "\"Locale/Preview Content\"";
				DEVELOPMENT_TEAM = XD7KFVM4LP;
				ENABLE_PREVIEWS = YES;
				GENERATE_INFOPLIST_FILE = YES;
				INFOPLIST_KEY_UIApplicationSceneManifest_Generation = YES;
				INFOPLIST_KEY_UIApplicationSupportsIndirectInputEvents = YES;
				INFOPLIST_KEY_UILaunchScreen_Generation = YES;
				INFOPLIST_KEY_UISupportedInterfaceOrientations_iPad = "UIInterfaceOrientationPortrait UIInterfaceOrientationPortraitUpsideDown UIInterfaceOrientationLandscapeLeft UIInterfaceOrientationLandscapeRight";
				INFOPLIST_KEY_UISupportedInterfaceOrientations_iPhone = "UIInterfaceOrientationPortrait UIInterfaceOrientationLandscapeLeft UIInterfaceOrientationLandscapeRight";
				IPHONEOS_DEPLOYMENT_TARGET = 17.6;
				LD_RUNPATH_SEARCH_PATHS = (
					"$(inherited)",
					"@executable_path/Frameworks",
				);
				MARKETING_VERSION = 1.0;
				PRODUCT_BUNDLE_IDENTIFIER = com.liah.son.Locale;
				PRODUCT_NAME = "$(TARGET_NAME)";
				SWIFT_EMIT_LOC_STRINGS = YES;
				SWIFT_VERSION = 5.0;
				TARGETED_DEVICE_FAMILY = "1,2";
			};
			name = Debug;
		};
		36B2784E2F00D0C400ECB7D3 /* Release */ = {
			isa = XCBuildConfiguration;
			buildSettings = {
				ASSETCATALOG_COMPILER_APPICON_NAME = AppIcon;
				ASSETCATALOG_COMPILER_GLOBAL_ACCENT_COLOR_NAME = AccentColor;
				CODE_SIGN_STYLE = Automatic;
				CURRENT_PROJECT_VERSION = 1;
				DEVELOPMENT_ASSET_PATHS = "\"Locale/Preview Content\"";
				DEVELOPMENT_TEAM = XD7KFVM4LP;
				ENABLE_PREVIEWS = YES;
				GENERATE_INFOPLIST_FILE = YES;
				INFOPLIST_KEY_UIApplicationSceneManifest_Generation = YES;
				INFOPLIST_KEY_UIApplicationSupportsIndirectInputEvents = YES;
				INFOPLIST_KEY_UILaunchScreen_Generation = YES;
				INFOPLIST_KEY_UISupportedInterfaceOrientations_iPad = "UIInterfaceOrientationPortrait UIInterfaceOrientationPortraitUpsideDown UIInterfaceOrientationLandscapeLeft UIInterfaceOrientationLandscapeRight";
				INFOPLIST_KEY_UISupportedInterfaceOrientations_iPhone = "UIInterfaceOrientationPortrait UIInterfaceOrientationLandscapeLeft UIInterfaceOrientationLandscapeRight";
				IPHONEOS_DEPLOYMENT_TARGET = 17.6;
				LD_RUNPATH_SEARCH_PATHS = (
					"$(inherited)",
					"@executable_path/Frameworks",
				);
				MARKETING_VERSION = 1.0;
				PRODUCT_BUNDLE_IDENTIFIER = com.liah.son.Locale;
				PRODUCT_NAME = "$(TARGET_NAME)";
				SWIFT_EMIT_LOC_STRINGS = YES;
				SWIFT_VERSION = 5.0;
				TARGETED_DEVICE_FAMILY = "1,2";
			};
			name = Release;
		};
/* End XCBuildConfiguration section */

/* Begin XCConfigurationList section */
		36B278372F00D0C200ECB7D3 /* Build configuration list for PBXProject "Locale" */ = {
			isa = XCConfigurationList;
			buildConfigurations = (
				36B2784A2F00D0C400ECB7D3 /* Debug */,
				36B2784B2F00D0C400ECB7D3 /* Release */,
			);
			defaultConfigurationIsVisible = 0;
			defaultConfigurationName = Release;
		};
		36B2784C2F00D0C400ECB7D3 /* Build configuration list for PBXNativeTarget "Locale" */ = {
			isa = XCConfigurationList;
			buildConfigurations = (
				36B2784D2F00D0C400ECB7D3 /* Debug */,
				36B2784E2F00D0C400ECB7D3 /* Release */,
			);
			defaultConfigurationIsVisible = 0;
			defaultConfigurationName = Release;
		};
/* End XCConfigurationList section */
	};
	rootObject = 36B278342F00D0C200ECB7D3 /* Project object */;
}
