// !$*UTF8*$!
{
	archiveVersion = 1;
	classes = {
	};
	objectVersion = 56;
	objects = {

/* Begin PBXBuildFile section */
		1B352E2D294DF8E600343557 /* AppDelegate.swift in Sources */ = {isa = PBXBuildFile; fileRef = 1B352E2C294DF8E600343557 /* AppDelegate.swift */; };
		1B352E2F294DF8E600343557 /* SceneDelegate.swift in Sources */ = {isa = PBXBuildFile; fileRef = 1B352E2E294DF8E600343557 /* SceneDelegate.swift */; };
		1B352E31294DF8E600343557 /* EnglishViewController.swift in Sources */ = {isa = PBXBuildFile; fileRef = 1B352E30294DF8E600343557 /* EnglishViewController.swift */; };
		1B352E34294DF8E600343557 /* Main.storyboard in Resources */ = {isa = PBXBuildFile; fileRef = 1B352E32294DF8E600343557 /* Main.storyboard */; };
		1B352E36294DF8E700343557 /* Assets.xcassets in Resources */ = {isa = PBXBuildFile; fileRef = 1B352E35294DF8E700343557 /* Assets.xcassets */; };
		1B352E39294DF8E700343557 /* LaunchScreen.storyboard in Resources */ = {isa = PBXBuildFile; fileRef = 1B352E37294DF8E700343557 /* LaunchScreen.storyboard */; };
		1B352E43294E10E500343557 /* KoreanViewController.swift in Sources */ = {isa = PBXBuildFile; fileRef = 1B352E41294E10E500343557 /* KoreanViewController.swift */; };
		1B352E44294E10E500343557 /* KoreanViewController.xib in Resources */ = {isa = PBXBuildFile; fileRef = 1B352E42294E10E500343557 /* KoreanViewController.xib */; };
		1B352E47294E19DF00343557 /* CustomViewController.swift in Sources */ = {isa = PBXBuildFile; fileRef = 1B352E45294E19DF00343557 /* CustomViewController.swift */; };
		1B352E48294E19DF00343557 /* CustomViewController.xib in Resources */ = {isa = PBXBuildFile; fileRef = 1B352E46294E19DF00343557 /* CustomViewController.xib */; };
		1B352E4B294ED2FC00343557 /* AttributedTextViewController.swift in Sources */ = {isa = PBXBuildFile; fileRef = 1B352E49294ED2FC00343557 /* AttributedTextViewController.swift */; };
		1B352E4C294ED2FC00343557 /* AttributedTextViewController.xib in Resources */ = {isa = PBXBuildFile; fileRef = 1B352E4A294ED2FC00343557 /* AttributedTextViewController.xib */; };
/* End PBXBuildFile section */

/* Begin PBXFileReference section */
		1B352E29294DF8E600343557 /* Sample_LineBreak.app */ = {isa = PBXFileReference; explicitFileType = wrapper.application; includeInIndex = 0; path = Sample_LineBreak.app; sourceTree = BUILT_PRODUCTS_DIR; };
		1B352E2C294DF8E600343557 /* AppDelegate.swift */ = {isa = PBXFileReference; lastKnownFileType = sourcecode.swift; path = AppDelegate.swift; sourceTree = "<group>"; };
		1B352E2E294DF8E600343557 /* SceneDelegate.swift */ = {isa = PBXFileReference; lastKnownFileType = sourcecode.swift; path = SceneDelegate.swift; sourceTree = "<group>"; };
		1B352E30294DF8E600343557 /* EnglishViewController.swift */ = {isa = PBXFileReference; lastKnownFileType = sourcecode.swift; path = EnglishViewController.swift; sourceTree = "<group>"; };
		1B352E33294DF8E600343557 /* Base */ = {isa = PBXFileReference; lastKnownFileType = file.storyboard; name = Base; path = Base.lproj/Main.storyboard; sourceTree = "<group>"; };
		1B352E35294DF8E700343557 /* Assets.xcassets */ = {isa = PBXFileReference; lastKnownFileType = folder.assetcatalog; path = Assets.xcassets; sourceTree = "<group>"; };
		1B352E38294DF8E700343557 /* Base */ = {isa = PBXFileReference; lastKnownFileType = file.storyboard; name = Base; path = Base.lproj/LaunchScreen.storyboard; sourceTree = "<group>"; };
		1B352E3A294DF8E700343557 /* Info.plist */ = {isa = PBXFileReference; lastKnownFileType = text.plist.xml; path = Info.plist; sourceTree = "<group>"; };
		1B352E41294E10E500343557 /* KoreanViewController.swift */ = {isa = PBXFileReference; lastKnownFileType = sourcecode.swift; path = KoreanViewController.swift; sourceTree = "<group>"; };
		1B352E42294E10E500343557 /* KoreanViewController.xib */ = {isa = PBXFileReference; lastKnownFileType = file.xib; path = KoreanViewController.xib; sourceTree = "<group>"; };
		1B352E45294E19DF00343557 /* CustomViewController.swift */ = {isa = PBXFileReference; lastKnownFileType = sourcecode.swift; path = CustomViewController.swift; sourceTree = "<group>"; };
		1B352E46294E19DF00343557 /* CustomViewController.xib */ = {isa = PBXFileReference; lastKnownFileType = file.xib; path = CustomViewController.xib; sourceTree = "<group>"; };
		1B352E49294ED2FC00343557 /* AttributedTextViewController.swift */ = {isa = PBXFileReference; lastKnownFileType = sourcecode.swift; path = AttributedTextViewController.swift; sourceTree = "<group>"; };
		1B352E4A294ED2FC00343557 /* AttributedTextViewController.xib */ = {isa = PBXFileReference; lastKnownFileType = file.xib; path = AttributedTextViewController.xib; sourceTree = "<group>"; };
/* End PBXFileReference section */

/* Begin PBXFrameworksBuildPhase section */
		1B352E26294DF8E600343557 /* Frameworks */ = {
			isa = PBXFrameworksBuildPhase;
			buildActionMask = 2147483647;
			files = (
			);
			runOnlyForDeploymentPostprocessing = 0;
		};
/* End PBXFrameworksBuildPhase section */

/* Begin PBXGroup section */
		1B352E20294DF8E600343557 = {
			isa = PBXGroup;
			children = (
				1B352E2B294DF8E600343557 /* Sample_LineBreak */,
				1B352E2A294DF8E600343557 /* Products */,
			);
			sourceTree = "<group>";
		};
		1B352E2A294DF8E600343557 /* Products */ = {
			isa = PBXGroup;
			children = (
				1B352E29294DF8E600343557 /* Sample_LineBreak.app */,
			);
			name = Products;
			sourceTree = "<group>";
		};
		1B352E2B294DF8E600343557 /* Sample_LineBreak */ = {
			isa = PBXGroup;
			children = (
				1B352E3A294DF8E700343557 /* Info.plist */,
				1B352E40294E10C400343557 /* App */,
				1B352E30294DF8E600343557 /* EnglishViewController.swift */,
				1B352E32294DF8E600343557 /* Main.storyboard */,
				1B352E41294E10E500343557 /* KoreanViewController.swift */,
				1B352E42294E10E500343557 /* KoreanViewController.xib */,
				1B352E45294E19DF00343557 /* CustomViewController.swift */,
				1B352E46294E19DF00343557 /* CustomViewController.xib */,
				1B352E49294ED2FC00343557 /* AttributedTextViewController.swift */,
				1B352E4A294ED2FC00343557 /* AttributedTextViewController.xib */,
			);
			path = Sample_LineBreak;
			sourceTree = "<group>";
		};
		1B352E40294E10C400343557 /* App */ = {
			isa = PBXGroup;
			children = (
				1B352E2C294DF8E600343557 /* AppDelegate.swift */,
				1B352E2E294DF8E600343557 /* SceneDelegate.swift */,
				1B352E35294DF8E700343557 /* Assets.xcassets */,
				1B352E37294DF8E700343557 /* LaunchScreen.storyboard */,
			);
			path = App;
			sourceTree = "<group>";
		};
/* End PBXGroup section */

/* Begin PBXNativeTarget section */
		1B352E28294DF8E600343557 /* Sample_LineBreak */ = {
			isa = PBXNativeTarget;
			buildConfigurationList = 1B352E3D294DF8E700343557 /* Build configuration list for PBXNativeTarget "Sample_LineBreak" */;
			buildPhases = (
				1B352E25294DF8E600343557 /* Sources */,
				1B352E26294DF8E600343557 /* Frameworks */,
				1B352E27294DF8E600343557 /* Resources */,
			);
			buildRules = (
			);
			dependencies = (
			);
			name = Sample_LineBreak;
			productName = Sample_LineBreak;
			productReference = 1B352E29294DF8E600343557 /* Sample_LineBreak.app */;
			productType = "com.apple.product-type.application";
		};
/* End PBXNativeTarget section */

/* Begin PBXProject section */
		1B352E21294DF8E600343557 /* Project object */ = {
			isa = PBXProject;
			attributes = {
				BuildIndependentTargetsInParallel = 1;
				LastSwiftUpdateCheck = 1410;
				LastUpgradeCheck = 1410;
				TargetAttributes = {
					1B352E28294DF8E600343557 = {
						CreatedOnToolsVersion = 14.1;
					};
				};
			};
			buildConfigurationList = 1B352E24294DF8E600343557 /* Build configuration list for PBXProject "Sample_LineBreak" */;
			compatibilityVersion = "Xcode 14.0";
			developmentRegion = en;
			hasScannedForEncodings = 0;
			knownRegions = (
				en,
				Base,
			);
			mainGroup = 1B352E20294DF8E600343557;
			productRefGroup = 1B352E2A294DF8E600343557 /* Products */;
			projectDirPath = "";
			projectRoot = "";
			targets = (
				1B352E28294DF8E600343557 /* Sample_LineBreak */,
			);
		};
/* End PBXProject section */

/* Begin PBXResourcesBuildPhase section */
		1B352E27294DF8E600343557 /* Resources */ = {
			isa = PBXResourcesBuildPhase;
			buildActionMask = 2147483647;
			files = (
				1B352E4C294ED2FC00343557 /* AttributedTextViewController.xib in Resources */,
				1B352E44294E10E500343557 /* KoreanViewController.xib in Resources */,
				1B352E48294E19DF00343557 /* CustomViewController.xib in Resources */,
				1B352E39294DF8E700343557 /* LaunchScreen.storyboard in Resources */,
				1B352E36294DF8E700343557 /* Assets.xcassets in Resources */,
				1B352E34294DF8E600343557 /* Main.storyboard in Resources */,
			);
			runOnlyForDeploymentPostprocessing = 0;
		};
/* End PBXResourcesBuildPhase section */

/* Begin PBXSourcesBuildPhase section */
		1B352E25294DF8E600343557 /* Sources */ = {
			isa = PBXSourcesBuildPhase;
			buildActionMask = 2147483647;
			files = (
				1B352E43294E10E500343557 /* KoreanViewController.swift in Sources */,
				1B352E31294DF8E600343557 /* EnglishViewController.swift in Sources */,
				1B352E47294E19DF00343557 /* CustomViewController.swift in Sources */,
				1B352E2D294DF8E600343557 /* AppDelegate.swift in Sources */,
				1B352E2F294DF8E600343557 /* SceneDelegate.swift in Sources */,
				1B352E4B294ED2FC00343557 /* AttributedTextViewController.swift in Sources */,
			);
			runOnlyForDeploymentPostprocessing = 0;
		};
/* End PBXSourcesBuildPhase section */

/* Begin PBXVariantGroup section */
		1B352E32294DF8E600343557 /* Main.storyboard */ = {
			isa = PBXVariantGroup;
			children = (
				1B352E33294DF8E600343557 /* Base */,
			);
			name = Main.storyboard;
			sourceTree = "<group>";
		};
		1B352E37294DF8E700343557 /* LaunchScreen.storyboard */ = {
			isa = PBXVariantGroup;
			children = (
				1B352E38294DF8E700343557 /* Base */,
			);
			name = LaunchScreen.storyboard;
			sourceTree = "<group>";
		};
/* End PBXVariantGroup section */

/* Begin XCBuildConfiguration section */
		1B352E3B294DF8E700343557 /* Debug */ = {
			isa = XCBuildConfiguration;
			buildSettings = {
				ALWAYS_SEARCH_USER_PATHS = NO;
				CLANG_ANALYZER_NONNULL = YES;
				CLANG_ANALYZER_NUMBER_OBJECT_CONVERSION = YES_AGGRESSIVE;
				CLANG_CXX_LANGUAGE_STANDARD = "gnu++20";
				CLANG_ENABLE_MODULES = YES;
				CLANG_ENABLE_OBJC_ARC = YES;
				CLANG_ENABLE_OBJC_WEAK = YES;
				CLANG_WARN_BLOCK_CAPTURE_AUTORELEASING = YES;
				CLANG_WARN_BOOL_CONVERSION = YES;
				CLANG_WARN_COMMA = YES;
				CLANG_WARN_CONSTANT_CONVERSION = YES;
				CLANG_WARN_DEPRECATED_OBJC_IMPLEMENTATIONS = YES;
				CLANG_WARN_DIRECT_OBJC_ISA_USAGE = YES_ERROR;
				CLANG_WARN_DOCUMENTATION_COMMENTS = YES;
				CLANG_WARN_EMPTY_BODY = YES;
				CLANG_WARN_ENUM_CONVERSION = YES;
				CLANG_WARN_INFINITE_RECURSION = YES;
				CLANG_WARN_INT_CONVERSION = YES;
				CLANG_WARN_NON_LITERAL_NULL_CONVERSION = YES;
				CLANG_WARN_OBJC_IMPLICIT_RETAIN_SELF = YES;
				CLANG_WARN_OBJC_LITERAL_CONVERSION = YES;
				CLANG_WARN_OBJC_ROOT_CLASS = YES_ERROR;
				CLANG_WARN_QUOTED_INCLUDE_IN_FRAMEWORK_HEADER = YES;
				CLANG_WARN_RANGE_LOOP_ANALYSIS = YES;
				CLANG_WARN_STRICT_PROTOTYPES = YES;
				CLANG_WARN_SUSPICIOUS_MOVE = YES;
				CLANG_WARN_UNGUARDED_AVAILABILITY = YES_AGGRESSIVE;
				CLANG_WARN_UNREACHABLE_CODE = YES;
				CLANG_WARN__DUPLICATE_METHOD_MATCH = YES;
				COPY_PHASE_STRIP = NO;
				DEBUG_INFORMATION_FORMAT = dwarf;
				ENABLE_STRICT_OBJC_MSGSEND = YES;
				ENABLE_TESTABILITY = YES;
				GCC_C_LANGUAGE_STANDARD = gnu11;
				GCC_DYNAMIC_NO_PIC = NO;
				GCC_NO_COMMON_BLOCKS = YES;
				GCC_OPTIMIZATION_LEVEL = 0;
				GCC_PREPROCESSOR_DEFINITIONS = (
					"DEBUG=1",
					"$(inherited)",
				);
				GCC_WARN_64_TO_32_BIT_CONVERSION = YES;
				GCC_WARN_ABOUT_RETURN_TYPE = YES_ERROR;
				GCC_WARN_UNDECLARED_SELECTOR = YES;
				GCC_WARN_UNINITIALIZED_AUTOS = YES_AGGRESSIVE;
				GCC_WARN_UNUSED_FUNCTION = YES;
				GCC_WARN_UNUSED_VARIABLE = YES;
				IPHONEOS_DEPLOYMENT_TARGET = 16.1;
				MTL_ENABLE_DEBUG_INFO = INCLUDE_SOURCE;
				MTL_FAST_MATH = YES;
				ONLY_ACTIVE_ARCH = YES;
				SDKROOT = iphoneos;
				SWIFT_ACTIVE_COMPILATION_CONDITIONS = DEBUG;
				SWIFT_OPTIMIZATION_LEVEL = "-Onone";
			};
			name = Debug;
		};
		1B352E3C294DF8E700343557 /* Release */ = {
			isa = XCBuildConfiguration;
			buildSettings = {
				ALWAYS_SEARCH_USER_PATHS = NO;
				CLANG_ANALYZER_NONNULL = YES;
				CLANG_ANALYZER_NUMBER_OBJECT_CONVERSION = YES_AGGRESSIVE;
				CLANG_CXX_LANGUAGE_STANDARD = "gnu++20";
				CLANG_ENABLE_MODULES = YES;
				CLANG_ENABLE_OBJC_ARC = YES;
				CLANG_ENABLE_OBJC_WEAK = YES;
				CLANG_WARN_BLOCK_CAPTURE_AUTORELEASING = YES;
				CLANG_WARN_BOOL_CONVERSION = YES;
				CLANG_WARN_COMMA = YES;
				CLANG_WARN_CONSTANT_CONVERSION = YES;
				CLANG_WARN_DEPRECATED_OBJC_IMPLEMENTATIONS = YES;
				CLANG_WARN_DIRECT_OBJC_ISA_USAGE = YES_ERROR;
				CLANG_WARN_DOCUMENTATION_COMMENTS = YES;
				CLANG_WARN_EMPTY_BODY = YES;
				CLANG_WARN_ENUM_CONVERSION = YES;
				CLANG_WARN_INFINITE_RECURSION = YES;
				CLANG_WARN_INT_CONVERSION = YES;
				CLANG_WARN_NON_LITERAL_NULL_CONVERSION = YES;
				CLANG_WARN_OBJC_IMPLICIT_RETAIN_SELF = YES;
				CLANG_WARN_OBJC_LITERAL_CONVERSION = YES;
				CLANG_WARN_OBJC_ROOT_CLASS = YES_ERROR;
				CLANG_WARN_QUOTED_INCLUDE_IN_FRAMEWORK_HEADER = YES;
				CLANG_WARN_RANGE_LOOP_ANALYSIS = YES;
				CLANG_WARN_STRICT_PROTOTYPES = YES;
				CLANG_WARN_SUSPICIOUS_MOVE = YES;
				CLANG_WARN_UNGUARDED_AVAILABILITY = YES_AGGRESSIVE;
				CLANG_WARN_UNREACHABLE_CODE = YES;
				CLANG_WARN__DUPLICATE_METHOD_MATCH = YES;
				COPY_PHASE_STRIP = NO;
				DEBUG_INFORMATION_FORMAT = "dwarf-with-dsym";
				ENABLE_NS_ASSERTIONS = NO;
				ENABLE_STRICT_OBJC_MSGSEND = YES;
				GCC_C_LANGUAGE_STANDARD = gnu11;
				GCC_NO_COMMON_BLOCKS = YES;
				GCC_WARN_64_TO_32_BIT_CONVERSION = YES;
				GCC_WARN_ABOUT_RETURN_TYPE = YES_ERROR;
				GCC_WARN_UNDECLARED_SELECTOR = YES;
				GCC_WARN_UNINITIALIZED_AUTOS = YES_AGGRESSIVE;
				GCC_WARN_UNUSED_FUNCTION = YES;
				GCC_WARN_UNUSED_VARIABLE = YES;
				IPHONEOS_DEPLOYMENT_TARGET = 16.1;
				MTL_ENABLE_DEBUG_INFO = NO;
				MTL_FAST_MATH = YES;
				SDKROOT = iphoneos;
				SWIFT_COMPILATION_MODE = wholemodule;
				SWIFT_OPTIMIZATION_LEVEL = "-O";
				VALIDATE_PRODUCT = YES;
			};
			name = Release;
		};
		1B352E3E294DF8E700343557 /* Debug */ = {
			isa = XCBuildConfiguration;
			buildSettings = {
				ASSETCATALOG_COMPILER_APPICON_NAME = AppIcon;
				ASSETCATALOG_COMPILER_GLOBAL_ACCENT_COLOR_NAME = AccentColor;
				CODE_SIGN_STYLE = Automatic;
				CURRENT_PROJECT_VERSION = 1;
				GENERATE_INFOPLIST_FILE = YES;
				INFOPLIST_FILE = Sample_LineBreak/Info.plist;
				INFOPLIST_KEY_UIApplicationSupportsIndirectInputEvents = YES;
				INFOPLIST_KEY_UILaunchStoryboardName = LaunchScreen;
				INFOPLIST_KEY_UIMainStoryboardFile = Main;
				INFOPLIST_KEY_UISupportedInterfaceOrientations_iPad = "UIInterfaceOrientationPortrait UIInterfaceOrientationPortraitUpsideDown UIInterfaceOrientationLandscapeLeft UIInterfaceOrientationLandscapeRight";
				INFOPLIST_KEY_UISupportedInterfaceOrientations_iPhone = "UIInterfaceOrientationPortrait UIInterfaceOrientationLandscapeLeft UIInterfaceOrientationLandscapeRight";
				LD_RUNPATH_SEARCH_PATHS = (
					"$(inherited)",
					"@executable_path/Frameworks",
				);
				MARKETING_VERSION = 1.0;
				PRODUCT_BUNDLE_IDENTIFIER = "com.liah.Sample-LineBreak";
				PRODUCT_NAME = "$(TARGET_NAME)";
				SWIFT_EMIT_LOC_STRINGS = YES;
				SWIFT_VERSION = 5.0;
				TARGETED_DEVICE_FAMILY = "1,2";
			};
			name = Debug;
		};
		1B352E3F294DF8E700343557 /* Release */ = {
			isa = XCBuildConfiguration;
			buildSettings = {
				ASSETCATALOG_COMPILER_APPICON_NAME = AppIcon;
				ASSETCATALOG_COMPILER_GLOBAL_ACCENT_COLOR_NAME = AccentColor;
				CODE_SIGN_STYLE = Automatic;
				CURRENT_PROJECT_VERSION = 1;
				GENERATE_INFOPLIST_FILE = YES;
				INFOPLIST_FILE = Sample_LineBreak/Info.plist;
				INFOPLIST_KEY_UIApplicationSupportsIndirectInputEvents = YES;
				INFOPLIST_KEY_UILaunchStoryboardName = LaunchScreen;
				INFOPLIST_KEY_UIMainStoryboardFile = Main;
				INFOPLIST_KEY_UISupportedInterfaceOrientations_iPad = "UIInterfaceOrientationPortrait UIInterfaceOrientationPortraitUpsideDown UIInterfaceOrientationLandscapeLeft UIInterfaceOrientationLandscapeRight";
				INFOPLIST_KEY_UISupportedInterfaceOrientations_iPhone = "UIInterfaceOrientationPortrait UIInterfaceOrientationLandscapeLeft UIInterfaceOrientationLandscapeRight";
				LD_RUNPATH_SEARCH_PATHS = (
					"$(inherited)",
					"@executable_path/Frameworks",
				);
				MARKETING_VERSION = 1.0;
				PRODUCT_BUNDLE_IDENTIFIER = "com.liah.Sample-LineBreak";
				PRODUCT_NAME = "$(TARGET_NAME)";
				SWIFT_EMIT_LOC_STRINGS = YES;
				SWIFT_VERSION = 5.0;
				TARGETED_DEVICE_FAMILY = "1,2";
			};
			name = Release;
		};
/* End XCBuildConfiguration section */

/* Begin XCConfigurationList section */
		1B352E24294DF8E600343557 /* Build configuration list for PBXProject "Sample_LineBreak" */ = {
			isa = XCConfigurationList;
			buildConfigurations = (
				1B352E3B294DF8E700343557 /* Debug */,
				1B352E3C294DF8E700343557 /* Release */,
			);
			defaultConfigurationIsVisible = 0;
			defaultConfigurationName = Release;
		};
		1B352E3D294DF8E700343557 /* Build configuration list for PBXNativeTarget "Sample_LineBreak" */ = {
			isa = XCConfigurationList;
			buildConfigurations = (
				1B352E3E294DF8E700343557 /* Debug */,
				1B352E3F294DF8E700343557 /* Release */,
			);
			defaultConfigurationIsVisible = 0;
			defaultConfigurationName = Release;
		};
/* End XCConfigurationList section */
	};
	rootObject = 1B352E21294DF8E600343557 /* Project object */;
}
